// !$*UTF8*$!
{
	archiveVersion = 1;
	classes = {
	};
	objectVersion = 46;
	objects = {

/* Begin PBXBuildFile section */
		0546D1A38E13BD319CC9755B /* OscReceivedElements.cpp in Sources */ = {isa = PBXBuildFile; fileRef = 9BF3AA0D4FAA89D0F8A0E545 /* OscReceivedElements.cpp */; };
		10B69DE456AED1288FC9316B /* Tracker.cpp in Sources */ = {isa = PBXBuildFile; fileRef = A810DF70319A10353588F5DB /* Tracker.cpp */; };
		2023EF517ED2D8B397511D4B /* Helpers.cpp in Sources */ = {isa = PBXBuildFile; fileRef = B9076967F8C54A04362C04AA /* Helpers.cpp */; };
		311DF864378748129984EA1D /* Kalman.cpp in Sources */ = {isa = PBXBuildFile; fileRef = 77A1A692522820F935B58762 /* Kalman.cpp */; };
		45CC483A999BF1065A6B926C /* Distance.cpp in Sources */ = {isa = PBXBuildFile; fileRef = 9DBD717072C35D324E101669 /* Distance.cpp */; };
		4ADB88E2FB52E76A471065DE /* ofxOscParameterSync.cpp in Sources */ = {isa = PBXBuildFile; fileRef = 0AED834CE4DEC5260AF302A2 /* ofxOscParameterSync.cpp */; };
		510CAFE035E576A4E1502D52 /* UdpSocket.cpp in Sources */ = {isa = PBXBuildFile; fileRef = E6DEF695B88BA5FAACEAA937 /* UdpSocket.cpp */; };
		5864AD82E20F15536D054EA3 /* ofxOscMessage.cpp in Sources */ = {isa = PBXBuildFile; fileRef = DF49D76C45D5DB505A234880 /* ofxOscMessage.cpp */; };
		5A4349E9754D6FA14C0F2A3A /* tinyxmlparser.cpp in Sources */ = {isa = PBXBuildFile; fileRef = FC5DA1C87211D4F6377DA719 /* tinyxmlparser.cpp */; };
		5CC34D433F5806179935B89D /* Flow.cpp in Sources */ = {isa = PBXBuildFile; fileRef = 03A75A648BC4CF1D9DEDD0CE /* Flow.cpp */; };
		62545D179C94265CA1389D4A /* OscOutboundPacketStream.cpp in Sources */ = {isa = PBXBuildFile; fileRef = 63A47AC60FFAFC3BF093EC0F /* OscOutboundPacketStream.cpp */; };
		63B57AC5BF4EF088491E0317 /* ofxXmlSettings.cpp in Sources */ = {isa = PBXBuildFile; fileRef = 50DF87D612C5AAE17AAFA6C0 /* ofxXmlSettings.cpp */; };
		640279EE111671BD026CB013 /* ofxOscReceiver.cpp in Sources */ = {isa = PBXBuildFile; fileRef = C2FAC65C491D4231379F3298 /* ofxOscReceiver.cpp */; };
		67FE4C7B15C2F0478C8126C2 /* NetworkingUtils.cpp in Sources */ = {isa = PBXBuildFile; fileRef = 3B361208CD4107E479F04E7B /* NetworkingUtils.cpp */; };
		6AABAB39E82AF5CFEA23A205 /* ContourFinder.cpp in Sources */ = {isa = PBXBuildFile; fileRef = 5FBB4A8427353AED09174BE5 /* ContourFinder.cpp */; };
		72A929D3561B8232A182ABFC /* ofxOscBundle.cpp in Sources */ = {isa = PBXBuildFile; fileRef = 65EEFA3DA3526E9CDD9C21F9 /* ofxOscBundle.cpp */; };
		7CDAD32BE4FA46701E3552C7 /* RunningBackground.cpp in Sources */ = {isa = PBXBuildFile; fileRef = 5CBF6AED6A17AC0C17F63CC4 /* RunningBackground.cpp */; };
		879A251454401BC0B6E4F238 /* OscTypes.cpp in Sources */ = {isa = PBXBuildFile; fileRef = D9BFFBBF4CC43DEE890B3C3E /* OscTypes.cpp */; };
		8F5205AEF8861EF234F0651A /* ofxOscSender.cpp in Sources */ = {isa = PBXBuildFile; fileRef = 81967292BFC87A0144BD32C6 /* ofxOscSender.cpp */; };
		933A2227713C720CEFF80FD9 /* tinyxml.cpp in Sources */ = {isa = PBXBuildFile; fileRef = 2B40EDA85BEB63E46785BC29 /* tinyxml.cpp */; };
		9D44DC88EF9E7991B4A09951 /* tinyxmlerror.cpp in Sources */ = {isa = PBXBuildFile; fileRef = 832BDC407620CDBA568B713D /* tinyxmlerror.cpp */; };
		9E3B00A65D0419AC33A0FE47 /* IPVideoGrabber.cpp in Sources */ = {isa = PBXBuildFile; fileRef = 0B79573447F20E8D2AEA5579 /* IPVideoGrabber.cpp */; };
		A6668C5B1272D7FCD5B5A16F /* Utilities.cpp in Sources */ = {isa = PBXBuildFile; fileRef = 6CEC50DB3D06414010233963 /* Utilities.cpp */; };
		ADE367465D2A8EBAD4C7A8D9 /* IpEndpointName.cpp in Sources */ = {isa = PBXBuildFile; fileRef = ADD194746185E2DA11468377 /* IpEndpointName.cpp */; };
		B6840996567E78436F7ECFAB /* ETF.cpp in Sources */ = {isa = PBXBuildFile; fileRef = B047FF96258DC01792B272DB /* ETF.cpp */; };
		C4782ECC372420ACE0615B74 /* OscPrintReceivedElements.cpp in Sources */ = {isa = PBXBuildFile; fileRef = BC8881B3C8C0A1C45F042E7A /* OscPrintReceivedElements.cpp */; };
		C602002DE761F9B52DB4400A /* ObjectFinder.cpp in Sources */ = {isa = PBXBuildFile; fileRef = AE75A3FBA2C2D87D14F06FE6 /* ObjectFinder.cpp */; };
		DBCB84A37F9AECC254870D79 /* Wrappers.cpp in Sources */ = {isa = PBXBuildFile; fileRef = D347FB65D19015303863922A /* Wrappers.cpp */; };
		E4328149138ABC9F0047C5CB /* openFrameworksDebug.a in Frameworks */ = {isa = PBXBuildFile; fileRef = E4328148138ABC890047C5CB /* openFrameworksDebug.a */; };
		E4B69E200A3A1BDC003C02F2 /* main.cpp in Sources */ = {isa = PBXBuildFile; fileRef = E4B69E1D0A3A1BDC003C02F2 /* main.cpp */; };
		E4B69E210A3A1BDC003C02F2 /* ofApp.cpp in Sources */ = {isa = PBXBuildFile; fileRef = E4B69E1E0A3A1BDC003C02F2 /* ofApp.cpp */; };
		EBCDE831EFAE08274E799C97 /* Calibration.cpp in Sources */ = {isa = PBXBuildFile; fileRef = 402C8F4015542356D362AC88 /* Calibration.cpp */; };
		F759BF231D356A64000B0CEF /* ofApp_network.cpp in Sources */ = {isa = PBXBuildFile; fileRef = F759BF221D356A64000B0CEF /* ofApp_network.cpp */; };
		F759C0061D356A86000B0CEF /* ofxCvColorImage.cpp in Sources */ = {isa = PBXBuildFile; fileRef = F759BF271D356A86000B0CEF /* ofxCvColorImage.cpp */; };
		F759C0071D356A86000B0CEF /* ofxCvContourFinder.cpp in Sources */ = {isa = PBXBuildFile; fileRef = F759BF2A1D356A86000B0CEF /* ofxCvContourFinder.cpp */; };
		F759C0081D356A86000B0CEF /* ofxCvFloatImage.cpp in Sources */ = {isa = PBXBuildFile; fileRef = F759BF2C1D356A86000B0CEF /* ofxCvFloatImage.cpp */; };
		F759C0091D356A86000B0CEF /* ofxCvGrayscaleImage.cpp in Sources */ = {isa = PBXBuildFile; fileRef = F759BF2E1D356A86000B0CEF /* ofxCvGrayscaleImage.cpp */; };
		F759C00A1D356A86000B0CEF /* ofxCvHaarFinder.cpp in Sources */ = {isa = PBXBuildFile; fileRef = F759BF301D356A86000B0CEF /* ofxCvHaarFinder.cpp */; };
		F759C00B1D356A86000B0CEF /* ofxCvImage.cpp in Sources */ = {isa = PBXBuildFile; fileRef = F759BF321D356A86000B0CEF /* ofxCvImage.cpp */; };
		F759C00C1D356A86000B0CEF /* ofxCvShortImage.cpp in Sources */ = {isa = PBXBuildFile; fileRef = F759BF341D356A86000B0CEF /* ofxCvShortImage.cpp */; };
		F759C00D1D356A86000B0CEF /* opencv.a in Frameworks */ = {isa = PBXBuildFile; fileRef = F759C0031D356A86000B0CEF /* opencv.a */; };
		F76B4A79BD8DE4854141CB47 /* fdog.cpp in Sources */ = {isa = PBXBuildFile; fileRef = A2D8249D46647E3C51769CDE /* fdog.cpp */; };
		F7F141261D7E1F6A00F8DF66 /* ofAppConsoleCurses.cpp in Sources */ = {isa = PBXBuildFile; fileRef = F7F141221D7E1F6A00F8DF66 /* ofAppConsoleCurses.cpp */; };
		F7F141271D7E1F6A00F8DF66 /* ofxNcurses.cpp in Sources */ = {isa = PBXBuildFile; fileRef = F7F141241D7E1F6A00F8DF66 /* ofxNcurses.cpp */; };
		F7F141291D7E20DD00F8DF66 /* ofApp_ncurses.cpp in Sources */ = {isa = PBXBuildFile; fileRef = F7F141281D7E20DD00F8DF66 /* ofApp_ncurses.cpp */; };
/* End PBXBuildFile section */

/* Begin PBXContainerItemProxy section */
		E4328147138ABC890047C5CB /* PBXContainerItemProxy */ = {
			isa = PBXContainerItemProxy;
			containerPortal = E4328143138ABC890047C5CB /* openFrameworksLib.xcodeproj */;
			proxyType = 2;
			remoteGlobalIDString = E4B27C1510CBEB8E00536013;
			remoteInfo = openFrameworks;
		};
		E4EEB9AB138B136A00A80321 /* PBXContainerItemProxy */ = {
			isa = PBXContainerItemProxy;
			containerPortal = E4328143138ABC890047C5CB /* openFrameworksLib.xcodeproj */;
			proxyType = 1;
			remoteGlobalIDString = E4B27C1410CBEB8E00536013;
			remoteInfo = openFrameworks;
		};
/* End PBXContainerItemProxy section */

/* Begin PBXCopyFilesBuildPhase section */
		E4C2427710CC5ABF004149E2 /* CopyFiles */ = {
			isa = PBXCopyFilesBuildPhase;
			buildActionMask = 2147483647;
			dstPath = "";
			dstSubfolderSpec = 10;
			files = (
			);
			runOnlyForDeploymentPostprocessing = 0;
		};
/* End PBXCopyFilesBuildPhase section */

/* Begin PBXFileReference section */
		00D6D32B84B099226431108C /* ofxOsc.h */ = {isa = PBXFileReference; explicitFileType = sourcecode.c.h; fileEncoding = 30; name = ofxOsc.h; path = ../../../addons/ofxOsc/src/ofxOsc.h; sourceTree = SOURCE_ROOT; };
		01DCC0911400F9ACF5B65578 /* ofxXmlSettings.h */ = {isa = PBXFileReference; explicitFileType = sourcecode.c.h; fileEncoding = 30; name = ofxXmlSettings.h; path = ../../../addons/ofxXmlSettings/src/ofxXmlSettings.h; sourceTree = SOURCE_ROOT; };
		029684CF678F70F6D3537A29 /* OscOutboundPacketStream.h */ = {isa = PBXFileReference; explicitFileType = sourcecode.c.h; fileEncoding = 30; name = OscOutboundPacketStream.h; path = ../../../addons/ofxOsc/libs/oscpack/src/osc/OscOutboundPacketStream.h; sourceTree = SOURCE_ROOT; };
		03A75A648BC4CF1D9DEDD0CE /* Flow.cpp */ = {isa = PBXFileReference; explicitFileType = sourcecode.cpp.cpp; fileEncoding = 30; name = Flow.cpp; path = ../../../addons/ofxCv/libs/ofxCv/src/Flow.cpp; sourceTree = SOURCE_ROOT; };
		0AED834CE4DEC5260AF302A2 /* ofxOscParameterSync.cpp */ = {isa = PBXFileReference; explicitFileType = sourcecode.cpp.cpp; fileEncoding = 30; name = ofxOscParameterSync.cpp; path = ../../../addons/ofxOsc/src/ofxOscParameterSync.cpp; sourceTree = SOURCE_ROOT; };
		0B79573447F20E8D2AEA5579 /* IPVideoGrabber.cpp */ = {isa = PBXFileReference; explicitFileType = sourcecode.cpp.cpp; fileEncoding = 30; name = IPVideoGrabber.cpp; path = ../../../addons/ofxIpVideoGrabber/src/IPVideoGrabber.cpp; sourceTree = SOURCE_ROOT; };
		0FD670B975581BBFADB2285B /* IPVideoGrabber.h */ = {isa = PBXFileReference; explicitFileType = sourcecode.c.h; fileEncoding = 30; name = IPVideoGrabber.h; path = ../../../addons/ofxIpVideoGrabber/src/IPVideoGrabber.h; sourceTree = SOURCE_ROOT; };
		178547E33CE398C7B59F08AB /* ContourFinder.h */ = {isa = PBXFileReference; explicitFileType = sourcecode.c.h; fileEncoding = 30; name = ContourFinder.h; path = ../../../addons/ofxCv/libs/ofxCv/include/ofxCv/ContourFinder.h; sourceTree = SOURCE_ROOT; };
		20F35AFADAF0068B067E713F /* OscReceivedElements.h */ = {isa = PBXFileReference; explicitFileType = sourcecode.c.h; fileEncoding = 30; name = OscReceivedElements.h; path = ../../../addons/ofxOsc/libs/oscpack/src/osc/OscReceivedElements.h; sourceTree = SOURCE_ROOT; };
		23640F57DF6C4BB6BFC5DA4C /* PacketListener.h */ = {isa = PBXFileReference; explicitFileType = sourcecode.c.h; fileEncoding = 30; name = PacketListener.h; path = ../../../addons/ofxOsc/libs/oscpack/src/ip/PacketListener.h; sourceTree = SOURCE_ROOT; };
		2B40EDA85BEB63E46785BC29 /* tinyxml.cpp */ = {isa = PBXFileReference; explicitFileType = sourcecode.cpp.cpp; fileEncoding = 30; name = tinyxml.cpp; path = ../../../addons/ofxXmlSettings/libs/tinyxml.cpp; sourceTree = SOURCE_ROOT; };
		2FD4B0329909D3527F003494 /* UdpSocket.h */ = {isa = PBXFileReference; explicitFileType = sourcecode.c.h; fileEncoding = 30; name = UdpSocket.h; path = ../../../addons/ofxOsc/libs/oscpack/src/ip/UdpSocket.h; sourceTree = SOURCE_ROOT; };
		325BD94FFB93161BBC68336E /* ofxCv.h */ = {isa = PBXFileReference; explicitFileType = sourcecode.c.h; fileEncoding = 30; name = ofxCv.h; path = ../../../addons/ofxCv/src/ofxCv.h; sourceTree = SOURCE_ROOT; };
		3B361208CD4107E479F04E7B /* NetworkingUtils.cpp */ = {isa = PBXFileReference; explicitFileType = sourcecode.cpp.cpp; fileEncoding = 30; name = NetworkingUtils.cpp; path = ../../../addons/ofxOsc/libs/oscpack/src/ip/posix/NetworkingUtils.cpp; sourceTree = SOURCE_ROOT; };
		402C8F4015542356D362AC88 /* Calibration.cpp */ = {isa = PBXFileReference; explicitFileType = sourcecode.cpp.cpp; fileEncoding = 30; name = Calibration.cpp; path = ../../../addons/ofxCv/libs/ofxCv/src/Calibration.cpp; sourceTree = SOURCE_ROOT; };
		444657A12E59D0ED86981498 /* TimerListener.h */ = {isa = PBXFileReference; explicitFileType = sourcecode.c.h; fileEncoding = 30; name = TimerListener.h; path = ../../../addons/ofxOsc/libs/oscpack/src/ip/TimerListener.h; sourceTree = SOURCE_ROOT; };
		4524C0ED0C2DD3E085CE3350 /* ObjectFinder.h */ = {isa = PBXFileReference; explicitFileType = sourcecode.c.h; fileEncoding = 30; name = ObjectFinder.h; path = ../../../addons/ofxCv/libs/ofxCv/include/ofxCv/ObjectFinder.h; sourceTree = SOURCE_ROOT; };
		48974F980F51769171D0B2F5 /* IpEndpointName.h */ = {isa = PBXFileReference; explicitFileType = sourcecode.c.h; fileEncoding = 30; name = IpEndpointName.h; path = ../../../addons/ofxOsc/libs/oscpack/src/ip/IpEndpointName.h; sourceTree = SOURCE_ROOT; };
		4E95FB446A9C9C6F0DE12D75 /* OscPrintReceivedElements.h */ = {isa = PBXFileReference; explicitFileType = sourcecode.c.h; fileEncoding = 30; name = OscPrintReceivedElements.h; path = ../../../addons/ofxOsc/libs/oscpack/src/osc/OscPrintReceivedElements.h; sourceTree = SOURCE_ROOT; };
		50DF87D612C5AAE17AAFA6C0 /* ofxXmlSettings.cpp */ = {isa = PBXFileReference; explicitFileType = sourcecode.cpp.cpp; fileEncoding = 30; name = ofxXmlSettings.cpp; path = ../../../addons/ofxXmlSettings/src/ofxXmlSettings.cpp; sourceTree = SOURCE_ROOT; };
		58140E0F92D37844E9C8883D /* Calibration.h */ = {isa = PBXFileReference; explicitFileType = sourcecode.c.h; fileEncoding = 30; name = Calibration.h; path = ../../../addons/ofxCv/libs/ofxCv/include/ofxCv/Calibration.h; sourceTree = SOURCE_ROOT; };
		5CBF6AED6A17AC0C17F63CC4 /* RunningBackground.cpp */ = {isa = PBXFileReference; explicitFileType = sourcecode.cpp.cpp; fileEncoding = 30; name = RunningBackground.cpp; path = ../../../addons/ofxCv/libs/ofxCv/src/RunningBackground.cpp; sourceTree = SOURCE_ROOT; };
		5FBB4A8427353AED09174BE5 /* ContourFinder.cpp */ = {isa = PBXFileReference; explicitFileType = sourcecode.cpp.cpp; fileEncoding = 30; name = ContourFinder.cpp; path = ../../../addons/ofxCv/libs/ofxCv/src/ContourFinder.cpp; sourceTree = SOURCE_ROOT; };
		63A47AC60FFAFC3BF093EC0F /* OscOutboundPacketStream.cpp */ = {isa = PBXFileReference; explicitFileType = sourcecode.cpp.cpp; fileEncoding = 30; name = OscOutboundPacketStream.cpp; path = ../../../addons/ofxOsc/libs/oscpack/src/osc/OscOutboundPacketStream.cpp; sourceTree = SOURCE_ROOT; };
		65EEFA3DA3526E9CDD9C21F9 /* ofxOscBundle.cpp */ = {isa = PBXFileReference; explicitFileType = sourcecode.cpp.cpp; fileEncoding = 30; name = ofxOscBundle.cpp; path = ../../../addons/ofxOsc/src/ofxOscBundle.cpp; sourceTree = SOURCE_ROOT; };
		6B3CDFD1A15E92F074E7D5AE /* RunningBackground.h */ = {isa = PBXFileReference; explicitFileType = sourcecode.c.h; fileEncoding = 30; name = RunningBackground.h; path = ../../../addons/ofxCv/libs/ofxCv/include/ofxCv/RunningBackground.h; sourceTree = SOURCE_ROOT; };
		6B65E6930994CC4B2D2B8B33 /* OscPacketListener.h */ = {isa = PBXFileReference; explicitFileType = sourcecode.c.h; fileEncoding = 30; name = OscPacketListener.h; path = ../../../addons/ofxOsc/libs/oscpack/src/osc/OscPacketListener.h; sourceTree = SOURCE_ROOT; };
		6CEC50DB3D06414010233963 /* Utilities.cpp */ = {isa = PBXFileReference; explicitFileType = sourcecode.cpp.cpp; fileEncoding = 30; name = Utilities.cpp; path = ../../../addons/ofxCv/libs/ofxCv/src/Utilities.cpp; sourceTree = SOURCE_ROOT; };
		70046E043EDDB466ED625C3B /* Tracker.h */ = {isa = PBXFileReference; explicitFileType = sourcecode.c.h; fileEncoding = 30; name = Tracker.h; path = ../../../addons/ofxCv/libs/ofxCv/include/ofxCv/Tracker.h; sourceTree = SOURCE_ROOT; };
		73157AAE32787C63313C7D8E /* Wrappers.h */ = {isa = PBXFileReference; explicitFileType = sourcecode.c.h; fileEncoding = 30; name = Wrappers.h; path = ../../../addons/ofxCv/libs/ofxCv/include/ofxCv/Wrappers.h; sourceTree = SOURCE_ROOT; };
		7689F8A0F3D0B7635A8C3104 /* ofxOscArg.h */ = {isa = PBXFileReference; explicitFileType = sourcecode.c.h; fileEncoding = 30; name = ofxOscArg.h; path = ../../../addons/ofxOsc/src/ofxOscArg.h; sourceTree = SOURCE_ROOT; };
		77A1A692522820F935B58762 /* Kalman.cpp */ = {isa = PBXFileReference; explicitFileType = sourcecode.cpp.cpp; fileEncoding = 30; name = Kalman.cpp; path = ../../../addons/ofxCv/libs/ofxCv/src/Kalman.cpp; sourceTree = SOURCE_ROOT; };
		81967292BFC87A0144BD32C6 /* ofxOscSender.cpp */ = {isa = PBXFileReference; explicitFileType = sourcecode.cpp.cpp; fileEncoding = 30; name = ofxOscSender.cpp; path = ../../../addons/ofxOsc/src/ofxOscSender.cpp; sourceTree = SOURCE_ROOT; };
		820102E51B125101D727B3CC /* ETF.h */ = {isa = PBXFileReference; explicitFileType = sourcecode.c.h; fileEncoding = 30; name = ETF.h; path = ../../../addons/ofxCv/libs/CLD/include/CLD/ETF.h; sourceTree = SOURCE_ROOT; };
		8326CDEDA153D242D924D2B6 /* Flow.h */ = {isa = PBXFileReference; explicitFileType = sourcecode.c.h; fileEncoding = 30; name = Flow.h; path = ../../../addons/ofxCv/libs/ofxCv/include/ofxCv/Flow.h; sourceTree = SOURCE_ROOT; };
		832BDC407620CDBA568B713D /* tinyxmlerror.cpp */ = {isa = PBXFileReference; explicitFileType = sourcecode.cpp.cpp; fileEncoding = 30; name = tinyxmlerror.cpp; path = ../../../addons/ofxXmlSettings/libs/tinyxmlerror.cpp; sourceTree = SOURCE_ROOT; };
		84D3470A12DEE51F320224AC /* Utilities.h */ = {isa = PBXFileReference; explicitFileType = sourcecode.c.h; fileEncoding = 30; name = Utilities.h; path = ../../../addons/ofxCv/libs/ofxCv/include/ofxCv/Utilities.h; sourceTree = SOURCE_ROOT; };
		8738DE90218B1E9054A88B54 /* Helpers.h */ = {isa = PBXFileReference; explicitFileType = sourcecode.c.h; fileEncoding = 30; name = Helpers.h; path = ../../../addons/ofxCv/libs/ofxCv/include/ofxCv/Helpers.h; sourceTree = SOURCE_ROOT; };
		8B30E93FD3D3475EED522A0E /* ofxOscBundle.h */ = {isa = PBXFileReference; explicitFileType = sourcecode.c.h; fileEncoding = 30; name = ofxOscBundle.h; path = ../../../addons/ofxOsc/src/ofxOscBundle.h; sourceTree = SOURCE_ROOT; };
		8C75AFC8774A62495DD53464 /* ofxOscReceiver.h */ = {isa = PBXFileReference; explicitFileType = sourcecode.c.h; fileEncoding = 30; name = ofxOscReceiver.h; path = ../../../addons/ofxOsc/src/ofxOscReceiver.h; sourceTree = SOURCE_ROOT; };
		9BF3AA0D4FAA89D0F8A0E545 /* OscReceivedElements.cpp */ = {isa = PBXFileReference; explicitFileType = sourcecode.cpp.cpp; fileEncoding = 30; name = OscReceivedElements.cpp; path = ../../../addons/ofxOsc/libs/oscpack/src/osc/OscReceivedElements.cpp; sourceTree = SOURCE_ROOT; };
		9DBD717072C35D324E101669 /* Distance.cpp */ = {isa = PBXFileReference; explicitFileType = sourcecode.cpp.cpp; fileEncoding = 30; name = Distance.cpp; path = ../../../addons/ofxCv/libs/ofxCv/src/Distance.cpp; sourceTree = SOURCE_ROOT; };
		9F7986DC4EB05E75FCE2C777 /* ofxOscSender.h */ = {isa = PBXFileReference; explicitFileType = sourcecode.c.h; fileEncoding = 30; name = ofxOscSender.h; path = ../../../addons/ofxOsc/src/ofxOscSender.h; sourceTree = SOURCE_ROOT; };
		A2AAA8CA403479E6FCDF920E /* OscHostEndianness.h */ = {isa = PBXFileReference; explicitFileType = sourcecode.c.h; fileEncoding = 30; name = OscHostEndianness.h; path = ../../../addons/ofxOsc/libs/oscpack/src/osc/OscHostEndianness.h; sourceTree = SOURCE_ROOT; };
		A2D8249D46647E3C51769CDE /* fdog.cpp */ = {isa = PBXFileReference; explicitFileType = sourcecode.cpp.cpp; fileEncoding = 30; name = fdog.cpp; path = ../../../addons/ofxCv/libs/CLD/src/fdog.cpp; sourceTree = SOURCE_ROOT; };
		A810DF70319A10353588F5DB /* Tracker.cpp */ = {isa = PBXFileReference; explicitFileType = sourcecode.cpp.cpp; fileEncoding = 30; name = Tracker.cpp; path = ../../../addons/ofxCv/libs/ofxCv/src/Tracker.cpp; sourceTree = SOURCE_ROOT; };
		ADD194746185E2DA11468377 /* IpEndpointName.cpp */ = {isa = PBXFileReference; explicitFileType = sourcecode.cpp.cpp; fileEncoding = 30; name = IpEndpointName.cpp; path = ../../../addons/ofxOsc/libs/oscpack/src/ip/IpEndpointName.cpp; sourceTree = SOURCE_ROOT; };
		AE335EB4709BFD4671EEAC84 /* MessageMappingOscPacketListener.h */ = {isa = PBXFileReference; explicitFileType = sourcecode.c.h; fileEncoding = 30; name = MessageMappingOscPacketListener.h; path = ../../../addons/ofxOsc/libs/oscpack/src/osc/MessageMappingOscPacketListener.h; sourceTree = SOURCE_ROOT; };
		AE75A3FBA2C2D87D14F06FE6 /* ObjectFinder.cpp */ = {isa = PBXFileReference; explicitFileType = sourcecode.cpp.cpp; fileEncoding = 30; name = ObjectFinder.cpp; path = ../../../addons/ofxCv/libs/ofxCv/src/ObjectFinder.cpp; sourceTree = SOURCE_ROOT; };
		B047FF96258DC01792B272DB /* ETF.cpp */ = {isa = PBXFileReference; explicitFileType = sourcecode.cpp.cpp; fileEncoding = 30; name = ETF.cpp; path = ../../../addons/ofxCv/libs/CLD/src/ETF.cpp; sourceTree = SOURCE_ROOT; };
		B21E7E5F548EEA92F368040B /* tinyxml.h */ = {isa = PBXFileReference; explicitFileType = sourcecode.c.h; fileEncoding = 30; name = tinyxml.h; path = ../../../addons/ofxXmlSettings/libs/tinyxml.h; sourceTree = SOURCE_ROOT; };
		B31C608870ECEB2490A93736 /* ofxOscParameterSync.h */ = {isa = PBXFileReference; explicitFileType = sourcecode.c.h; fileEncoding = 30; name = ofxOscParameterSync.h; path = ../../../addons/ofxOsc/src/ofxOscParameterSync.h; sourceTree = SOURCE_ROOT; };
		B9076967F8C54A04362C04AA /* Helpers.cpp */ = {isa = PBXFileReference; explicitFileType = sourcecode.cpp.cpp; fileEncoding = 30; name = Helpers.cpp; path = ../../../addons/ofxCv/libs/ofxCv/src/Helpers.cpp; sourceTree = SOURCE_ROOT; };
		BC8881B3C8C0A1C45F042E7A /* OscPrintReceivedElements.cpp */ = {isa = PBXFileReference; explicitFileType = sourcecode.cpp.cpp; fileEncoding = 30; name = OscPrintReceivedElements.cpp; path = ../../../addons/ofxOsc/libs/oscpack/src/osc/OscPrintReceivedElements.cpp; sourceTree = SOURCE_ROOT; };
		C2FAC65C491D4231379F3298 /* ofxOscReceiver.cpp */ = {isa = PBXFileReference; explicitFileType = sourcecode.cpp.cpp; fileEncoding = 30; name = ofxOscReceiver.cpp; path = ../../../addons/ofxOsc/src/ofxOscReceiver.cpp; sourceTree = SOURCE_ROOT; };
		C58862C6D212C8E8A83810F4 /* ofxOscMessage.h */ = {isa = PBXFileReference; explicitFileType = sourcecode.c.h; fileEncoding = 30; name = ofxOscMessage.h; path = ../../../addons/ofxOsc/src/ofxOscMessage.h; sourceTree = SOURCE_ROOT; };
		C6937888E126BADC8777423B /* OscTypes.h */ = {isa = PBXFileReference; explicitFileType = sourcecode.c.h; fileEncoding = 30; name = OscTypes.h; path = ../../../addons/ofxOsc/libs/oscpack/src/osc/OscTypes.h; sourceTree = SOURCE_ROOT; };
		CC455256CE0ECFE328853737 /* fdog.h */ = {isa = PBXFileReference; explicitFileType = sourcecode.c.h; fileEncoding = 30; name = fdog.h; path = ../../../addons/ofxCv/libs/CLD/include/CLD/fdog.h; sourceTree = SOURCE_ROOT; };
		D29DD28C195CD81267F3C8A1 /* Distance.h */ = {isa = PBXFileReference; explicitFileType = sourcecode.c.h; fileEncoding = 30; name = Distance.h; path = ../../../addons/ofxCv/libs/ofxCv/include/ofxCv/Distance.h; sourceTree = SOURCE_ROOT; };
		D347FB65D19015303863922A /* Wrappers.cpp */ = {isa = PBXFileReference; explicitFileType = sourcecode.cpp.cpp; fileEncoding = 30; name = Wrappers.cpp; path = ../../../addons/ofxCv/libs/ofxCv/src/Wrappers.cpp; sourceTree = SOURCE_ROOT; };
		D9BFFBBF4CC43DEE890B3C3E /* OscTypes.cpp */ = {isa = PBXFileReference; explicitFileType = sourcecode.cpp.cpp; fileEncoding = 30; name = OscTypes.cpp; path = ../../../addons/ofxOsc/libs/oscpack/src/osc/OscTypes.cpp; sourceTree = SOURCE_ROOT; };
		DB0CD4C938C079DCD67222FE /* imatrix.h */ = {isa = PBXFileReference; explicitFileType = sourcecode.c.h; fileEncoding = 30; name = imatrix.h; path = ../../../addons/ofxCv/libs/CLD/include/CLD/imatrix.h; sourceTree = SOURCE_ROOT; };
		DF49D76C45D5DB505A234880 /* ofxOscMessage.cpp */ = {isa = PBXFileReference; explicitFileType = sourcecode.cpp.cpp; fileEncoding = 30; name = ofxOscMessage.cpp; path = ../../../addons/ofxOsc/src/ofxOscMessage.cpp; sourceTree = SOURCE_ROOT; };
		E4328143138ABC890047C5CB /* openFrameworksLib.xcodeproj */ = {isa = PBXFileReference; lastKnownFileType = "wrapper.pb-project"; name = openFrameworksLib.xcodeproj; path = ../../../libs/openFrameworksCompiled/project/osx/openFrameworksLib.xcodeproj; sourceTree = SOURCE_ROOT; };
		E4B69B5B0A3A1756003C02F2 /* wmcDebug.app */ = {isa = PBXFileReference; explicitFileType = wrapper.application; includeInIndex = 0; path = wmcDebug.app; sourceTree = BUILT_PRODUCTS_DIR; };
		E4B69E1D0A3A1BDC003C02F2 /* main.cpp */ = {isa = PBXFileReference; fileEncoding = 30; lastKnownFileType = sourcecode.cpp.cpp; name = main.cpp; path = src/main.cpp; sourceTree = SOURCE_ROOT; };
		E4B69E1E0A3A1BDC003C02F2 /* ofApp.cpp */ = {isa = PBXFileReference; explicitFileType = sourcecode.cpp.cpp; fileEncoding = 30; name = ofApp.cpp; path = src/ofApp.cpp; sourceTree = SOURCE_ROOT; };
		E4B69E1F0A3A1BDC003C02F2 /* ofApp.h */ = {isa = PBXFileReference; fileEncoding = 30; lastKnownFileType = sourcecode.c.h; name = ofApp.h; path = src/ofApp.h; sourceTree = SOURCE_ROOT; };
		E4B6FCAD0C3E899E008CF71C /* openFrameworks-Info.plist */ = {isa = PBXFileReference; fileEncoding = 30; lastKnownFileType = text.plist.xml; path = "openFrameworks-Info.plist"; sourceTree = "<group>"; };
		E4EB691F138AFCF100A09F29 /* CoreOF.xcconfig */ = {isa = PBXFileReference; fileEncoding = 4; lastKnownFileType = text.xcconfig; name = CoreOF.xcconfig; path = ../../../libs/openFrameworksCompiled/project/osx/CoreOF.xcconfig; sourceTree = SOURCE_ROOT; };
		E4EB6923138AFD0F00A09F29 /* Project.xcconfig */ = {isa = PBXFileReference; fileEncoding = 4; lastKnownFileType = text.xcconfig; path = Project.xcconfig; sourceTree = "<group>"; };
		E6DEF695B88BA5FAACEAA937 /* UdpSocket.cpp */ = {isa = PBXFileReference; explicitFileType = sourcecode.cpp.cpp; fileEncoding = 30; name = UdpSocket.cpp; path = ../../../addons/ofxOsc/libs/oscpack/src/ip/posix/UdpSocket.cpp; sourceTree = SOURCE_ROOT; };
		F3C32677C12BD67CF9F8980E /* Kalman.h */ = {isa = PBXFileReference; explicitFileType = sourcecode.c.h; fileEncoding = 30; name = Kalman.h; path = ../../../addons/ofxCv/libs/ofxCv/include/ofxCv/Kalman.h; sourceTree = SOURCE_ROOT; };
		F4F5B6B8BA2BD52C646ED908 /* OscException.h */ = {isa = PBXFileReference; explicitFileType = sourcecode.c.h; fileEncoding = 30; name = OscException.h; path = ../../../addons/ofxOsc/libs/oscpack/src/osc/OscException.h; sourceTree = SOURCE_ROOT; };
		F75319251D59529B0065EDB4 /* streams.xml */ = {isa = PBXFileReference; lastKnownFileType = text.xml; name = streams.xml; path = bin/data/streams.xml; sourceTree = "<group>"; };
		F759BF221D356A64000B0CEF /* ofApp_network.cpp */ = {isa = PBXFileReference; fileEncoding = 4; lastKnownFileType = sourcecode.cpp.cpp; path = ofApp_network.cpp; sourceTree = "<group>"; };
		F759BF261D356A86000B0CEF /* ofxCvBlob.h */ = {isa = PBXFileReference; lastKnownFileType = sourcecode.c.h; path = ofxCvBlob.h; sourceTree = "<group>"; };
		F759BF271D356A86000B0CEF /* ofxCvColorImage.cpp */ = {isa = PBXFileReference; lastKnownFileType = sourcecode.cpp.cpp; path = ofxCvColorImage.cpp; sourceTree = "<group>"; };
		F759BF281D356A86000B0CEF /* ofxCvColorImage.h */ = {isa = PBXFileReference; lastKnownFileType = sourcecode.c.h; path = ofxCvColorImage.h; sourceTree = "<group>"; };
		F759BF291D356A86000B0CEF /* ofxCvConstants.h */ = {isa = PBXFileReference; lastKnownFileType = sourcecode.c.h; path = ofxCvConstants.h; sourceTree = "<group>"; };
		F759BF2A1D356A86000B0CEF /* ofxCvContourFinder.cpp */ = {isa = PBXFileReference; lastKnownFileType = sourcecode.cpp.cpp; path = ofxCvContourFinder.cpp; sourceTree = "<group>"; };
		F759BF2B1D356A86000B0CEF /* ofxCvContourFinder.h */ = {isa = PBXFileReference; lastKnownFileType = sourcecode.c.h; path = ofxCvContourFinder.h; sourceTree = "<group>"; };
		F759BF2C1D356A86000B0CEF /* ofxCvFloatImage.cpp */ = {isa = PBXFileReference; lastKnownFileType = sourcecode.cpp.cpp; path = ofxCvFloatImage.cpp; sourceTree = "<group>"; };
		F759BF2D1D356A86000B0CEF /* ofxCvFloatImage.h */ = {isa = PBXFileReference; lastKnownFileType = sourcecode.c.h; path = ofxCvFloatImage.h; sourceTree = "<group>"; };
		F759BF2E1D356A86000B0CEF /* ofxCvGrayscaleImage.cpp */ = {isa = PBXFileReference; lastKnownFileType = sourcecode.cpp.cpp; path = ofxCvGrayscaleImage.cpp; sourceTree = "<group>"; };
		F759BF2F1D356A86000B0CEF /* ofxCvGrayscaleImage.h */ = {isa = PBXFileReference; lastKnownFileType = sourcecode.c.h; path = ofxCvGrayscaleImage.h; sourceTree = "<group>"; };
		F759BF301D356A86000B0CEF /* ofxCvHaarFinder.cpp */ = {isa = PBXFileReference; lastKnownFileType = sourcecode.cpp.cpp; path = ofxCvHaarFinder.cpp; sourceTree = "<group>"; };
		F759BF311D356A86000B0CEF /* ofxCvHaarFinder.h */ = {isa = PBXFileReference; lastKnownFileType = sourcecode.c.h; path = ofxCvHaarFinder.h; sourceTree = "<group>"; };
		F759BF321D356A86000B0CEF /* ofxCvImage.cpp */ = {isa = PBXFileReference; lastKnownFileType = sourcecode.cpp.cpp; path = ofxCvImage.cpp; sourceTree = "<group>"; };
		F759BF331D356A86000B0CEF /* ofxCvImage.h */ = {isa = PBXFileReference; lastKnownFileType = sourcecode.c.h; path = ofxCvImage.h; sourceTree = "<group>"; };
		F759BF341D356A86000B0CEF /* ofxCvShortImage.cpp */ = {isa = PBXFileReference; lastKnownFileType = sourcecode.cpp.cpp; path = ofxCvShortImage.cpp; sourceTree = "<group>"; };
		F759BF351D356A86000B0CEF /* ofxCvShortImage.h */ = {isa = PBXFileReference; lastKnownFileType = sourcecode.c.h; path = ofxCvShortImage.h; sourceTree = "<group>"; };
		F759BF361D356A86000B0CEF /* ofxOpenCv.h */ = {isa = PBXFileReference; lastKnownFileType = sourcecode.c.h; path = ofxOpenCv.h; sourceTree = "<group>"; };
		F759BF3B1D356A86000B0CEF /* cv.h */ = {isa = PBXFileReference; lastKnownFileType = sourcecode.c.h; path = cv.h; sourceTree = "<group>"; };
		F759BF3C1D356A86000B0CEF /* cv.hpp */ = {isa = PBXFileReference; lastKnownFileType = sourcecode.cpp.h; path = cv.hpp; sourceTree = "<group>"; };
		F759BF3D1D356A86000B0CEF /* cvaux.h */ = {isa = PBXFileReference; lastKnownFileType = sourcecode.c.h; path = cvaux.h; sourceTree = "<group>"; };
		F759BF3E1D356A86000B0CEF /* cvaux.hpp */ = {isa = PBXFileReference; lastKnownFileType = sourcecode.cpp.h; path = cvaux.hpp; sourceTree = "<group>"; };
		F759BF3F1D356A86000B0CEF /* cvwimage.h */ = {isa = PBXFileReference; lastKnownFileType = sourcecode.c.h; path = cvwimage.h; sourceTree = "<group>"; };
		F759BF401D356A86000B0CEF /* cxcore.h */ = {isa = PBXFileReference; lastKnownFileType = sourcecode.c.h; path = cxcore.h; sourceTree = "<group>"; };
		F759BF411D356A86000B0CEF /* cxcore.hpp */ = {isa = PBXFileReference; lastKnownFileType = sourcecode.cpp.h; path = cxcore.hpp; sourceTree = "<group>"; };
		F759BF421D356A86000B0CEF /* cxeigen.hpp */ = {isa = PBXFileReference; lastKnownFileType = sourcecode.cpp.h; path = cxeigen.hpp; sourceTree = "<group>"; };
		F759BF431D356A86000B0CEF /* cxmisc.h */ = {isa = PBXFileReference; lastKnownFileType = sourcecode.c.h; path = cxmisc.h; sourceTree = "<group>"; };
		F759BF441D356A86000B0CEF /* highgui.h */ = {isa = PBXFileReference; lastKnownFileType = sourcecode.c.h; path = highgui.h; sourceTree = "<group>"; };
		F759BF451D356A86000B0CEF /* ml.h */ = {isa = PBXFileReference; lastKnownFileType = sourcecode.c.h; path = ml.h; sourceTree = "<group>"; };
		F759BF481D356A86000B0CEF /* calib3d.hpp */ = {isa = PBXFileReference; lastKnownFileType = sourcecode.cpp.h; path = calib3d.hpp; sourceTree = "<group>"; };
		F759BF4A1D356A86000B0CEF /* contrib.hpp */ = {isa = PBXFileReference; lastKnownFileType = sourcecode.cpp.h; path = contrib.hpp; sourceTree = "<group>"; };
		F759BF4B1D356A86000B0CEF /* detection_based_tracker.hpp */ = {isa = PBXFileReference; lastKnownFileType = sourcecode.cpp.h; path = detection_based_tracker.hpp; sourceTree = "<group>"; };
		F759BF4C1D356A86000B0CEF /* hybridtracker.hpp */ = {isa = PBXFileReference; lastKnownFileType = sourcecode.cpp.h; path = hybridtracker.hpp; sourceTree = "<group>"; };
		F759BF4D1D356A86000B0CEF /* openfabmap.hpp */ = {isa = PBXFileReference; lastKnownFileType = sourcecode.cpp.h; path = openfabmap.hpp; sourceTree = "<group>"; };
		F759BF4E1D356A86000B0CEF /* retina.hpp */ = {isa = PBXFileReference; lastKnownFileType = sourcecode.cpp.h; path = retina.hpp; sourceTree = "<group>"; };
		F759BF501D356A86000B0CEF /* affine.hpp */ = {isa = PBXFileReference; lastKnownFileType = sourcecode.cpp.h; path = affine.hpp; sourceTree = "<group>"; };
		F759BF511D356A86000B0CEF /* core.hpp */ = {isa = PBXFileReference; lastKnownFileType = sourcecode.cpp.h; path = core.hpp; sourceTree = "<group>"; };
		F759BF521D356A86000B0CEF /* core_c.h */ = {isa = PBXFileReference; lastKnownFileType = sourcecode.c.h; path = core_c.h; sourceTree = "<group>"; };
		F759BF531D356A86000B0CEF /* cuda_devptrs.hpp */ = {isa = PBXFileReference; lastKnownFileType = sourcecode.cpp.h; path = cuda_devptrs.hpp; sourceTree = "<group>"; };
		F759BF541D356A86000B0CEF /* devmem2d.hpp */ = {isa = PBXFileReference; lastKnownFileType = sourcecode.cpp.h; path = devmem2d.hpp; sourceTree = "<group>"; };
		F759BF551D356A86000B0CEF /* eigen.hpp */ = {isa = PBXFileReference; lastKnownFileType = sourcecode.cpp.h; path = eigen.hpp; sourceTree = "<group>"; };
		F759BF561D356A86000B0CEF /* gpumat.hpp */ = {isa = PBXFileReference; lastKnownFileType = sourcecode.cpp.h; path = gpumat.hpp; sourceTree = "<group>"; };
		F759BF571D356A86000B0CEF /* internal.hpp */ = {isa = PBXFileReference; lastKnownFileType = sourcecode.cpp.h; path = internal.hpp; sourceTree = "<group>"; };
		F759BF581D356A86000B0CEF /* mat.hpp */ = {isa = PBXFileReference; lastKnownFileType = sourcecode.cpp.h; path = mat.hpp; sourceTree = "<group>"; };
		F759BF591D356A86000B0CEF /* opengl_interop.hpp */ = {isa = PBXFileReference; lastKnownFileType = sourcecode.cpp.h; path = opengl_interop.hpp; sourceTree = "<group>"; };
		F759BF5A1D356A86000B0CEF /* opengl_interop_deprecated.hpp */ = {isa = PBXFileReference; lastKnownFileType = sourcecode.cpp.h; path = opengl_interop_deprecated.hpp; sourceTree = "<group>"; };
		F759BF5B1D356A86000B0CEF /* operations.hpp */ = {isa = PBXFileReference; lastKnownFileType = sourcecode.cpp.h; path = operations.hpp; sourceTree = "<group>"; };
		F759BF5C1D356A86000B0CEF /* types_c.h */ = {isa = PBXFileReference; lastKnownFileType = sourcecode.c.h; path = types_c.h; sourceTree = "<group>"; };
		F759BF5D1D356A86000B0CEF /* version.hpp */ = {isa = PBXFileReference; lastKnownFileType = sourcecode.cpp.h; path = version.hpp; sourceTree = "<group>"; };
		F759BF5E1D356A86000B0CEF /* wimage.hpp */ = {isa = PBXFileReference; lastKnownFileType = sourcecode.cpp.h; path = wimage.hpp; sourceTree = "<group>"; };
		F759BF601D356A86000B0CEF /* features2d.hpp */ = {isa = PBXFileReference; lastKnownFileType = sourcecode.cpp.h; path = features2d.hpp; sourceTree = "<group>"; };
		F759BF621D356A86000B0CEF /* all_indices.h */ = {isa = PBXFileReference; lastKnownFileType = sourcecode.c.h; path = all_indices.h; sourceTree = "<group>"; };
		F759BF631D356A86000B0CEF /* allocator.h */ = {isa = PBXFileReference; lastKnownFileType = sourcecode.c.h; path = allocator.h; sourceTree = "<group>"; };
		F759BF641D356A86000B0CEF /* any.h */ = {isa = PBXFileReference; lastKnownFileType = sourcecode.c.h; path = any.h; sourceTree = "<group>"; };
		F759BF651D356A86000B0CEF /* autotuned_index.h */ = {isa = PBXFileReference; lastKnownFileType = sourcecode.c.h; path = autotuned_index.h; sourceTree = "<group>"; };
		F759BF661D356A86000B0CEF /* composite_index.h */ = {isa = PBXFileReference; lastKnownFileType = sourcecode.c.h; path = composite_index.h; sourceTree = "<group>"; };
		F759BF671D356A86000B0CEF /* config.h */ = {isa = PBXFileReference; lastKnownFileType = sourcecode.c.h; path = config.h; sourceTree = "<group>"; };
		F759BF681D356A86000B0CEF /* defines.h */ = {isa = PBXFileReference; lastKnownFileType = sourcecode.c.h; path = defines.h; sourceTree = "<group>"; };
		F759BF691D356A86000B0CEF /* dist.h */ = {isa = PBXFileReference; lastKnownFileType = sourcecode.c.h; path = dist.h; sourceTree = "<group>"; };
		F759BF6A1D356A86000B0CEF /* dummy.h */ = {isa = PBXFileReference; lastKnownFileType = sourcecode.c.h; path = dummy.h; sourceTree = "<group>"; };
		F759BF6B1D356A86000B0CEF /* dynamic_bitset.h */ = {isa = PBXFileReference; lastKnownFileType = sourcecode.c.h; path = dynamic_bitset.h; sourceTree = "<group>"; };
		F759BF6C1D356A86000B0CEF /* flann.hpp */ = {isa = PBXFileReference; lastKnownFileType = sourcecode.cpp.h; path = flann.hpp; sourceTree = "<group>"; };
		F759BF6D1D356A86000B0CEF /* flann_base.hpp */ = {isa = PBXFileReference; lastKnownFileType = sourcecode.cpp.h; path = flann_base.hpp; sourceTree = "<group>"; };
		F759BF6E1D356A86000B0CEF /* general.h */ = {isa = PBXFileReference; lastKnownFileType = sourcecode.c.h; path = general.h; sourceTree = "<group>"; };
		F759BF6F1D356A86000B0CEF /* ground_truth.h */ = {isa = PBXFileReference; lastKnownFileType = sourcecode.c.h; path = ground_truth.h; sourceTree = "<group>"; };
		F759BF701D356A86000B0CEF /* hdf5.h */ = {isa = PBXFileReference; lastKnownFileType = sourcecode.c.h; path = hdf5.h; sourceTree = "<group>"; };
		F759BF711D356A86000B0CEF /* heap.h */ = {isa = PBXFileReference; lastKnownFileType = sourcecode.c.h; path = heap.h; sourceTree = "<group>"; };
		F759BF721D356A86000B0CEF /* hierarchical_clustering_index.h */ = {isa = PBXFileReference; lastKnownFileType = sourcecode.c.h; path = hierarchical_clustering_index.h; sourceTree = "<group>"; };
		F759BF731D356A86000B0CEF /* index_testing.h */ = {isa = PBXFileReference; lastKnownFileType = sourcecode.c.h; path = index_testing.h; sourceTree = "<group>"; };
		F759BF741D356A86000B0CEF /* kdtree_index.h */ = {isa = PBXFileReference; lastKnownFileType = sourcecode.c.h; path = kdtree_index.h; sourceTree = "<group>"; };
		F759BF751D356A86000B0CEF /* kdtree_single_index.h */ = {isa = PBXFileReference; lastKnownFileType = sourcecode.c.h; path = kdtree_single_index.h; sourceTree = "<group>"; };
		F759BF761D356A86000B0CEF /* kmeans_index.h */ = {isa = PBXFileReference; lastKnownFileType = sourcecode.c.h; path = kmeans_index.h; sourceTree = "<group>"; };
		F759BF771D356A86000B0CEF /* linear_index.h */ = {isa = PBXFileReference; lastKnownFileType = sourcecode.c.h; path = linear_index.h; sourceTree = "<group>"; };
		F759BF781D356A86000B0CEF /* logger.h */ = {isa = PBXFileReference; lastKnownFileType = sourcecode.c.h; path = logger.h; sourceTree = "<group>"; };
		F759BF791D356A86000B0CEF /* lsh_index.h */ = {isa = PBXFileReference; lastKnownFileType = sourcecode.c.h; path = lsh_index.h; sourceTree = "<group>"; };
		F759BF7A1D356A86000B0CEF /* lsh_table.h */ = {isa = PBXFileReference; lastKnownFileType = sourcecode.c.h; path = lsh_table.h; sourceTree = "<group>"; };
		F759BF7B1D356A86000B0CEF /* matrix.h */ = {isa = PBXFileReference; lastKnownFileType = sourcecode.c.h; path = matrix.h; sourceTree = "<group>"; };
		F759BF7C1D356A86000B0CEF /* miniflann.hpp */ = {isa = PBXFileReference; lastKnownFileType = sourcecode.cpp.h; path = miniflann.hpp; sourceTree = "<group>"; };
		F759BF7D1D356A86000B0CEF /* nn_index.h */ = {isa = PBXFileReference; lastKnownFileType = sourcecode.c.h; path = nn_index.h; sourceTree = "<group>"; };
		F759BF7E1D356A86000B0CEF /* object_factory.h */ = {isa = PBXFileReference; lastKnownFileType = sourcecode.c.h; path = object_factory.h; sourceTree = "<group>"; };
		F759BF7F1D356A86000B0CEF /* params.h */ = {isa = PBXFileReference; lastKnownFileType = sourcecode.c.h; path = params.h; sourceTree = "<group>"; };
		F759BF801D356A86000B0CEF /* random.h */ = {isa = PBXFileReference; lastKnownFileType = sourcecode.c.h; path = random.h; sourceTree = "<group>"; };
		F759BF811D356A86000B0CEF /* result_set.h */ = {isa = PBXFileReference; lastKnownFileType = sourcecode.c.h; path = result_set.h; sourceTree = "<group>"; };
		F759BF821D356A86000B0CEF /* sampling.h */ = {isa = PBXFileReference; lastKnownFileType = sourcecode.c.h; path = sampling.h; sourceTree = "<group>"; };
		F759BF831D356A86000B0CEF /* saving.h */ = {isa = PBXFileReference; lastKnownFileType = sourcecode.c.h; path = saving.h; sourceTree = "<group>"; };
		F759BF841D356A86000B0CEF /* simplex_downhill.h */ = {isa = PBXFileReference; lastKnownFileType = sourcecode.c.h; path = simplex_downhill.h; sourceTree = "<group>"; };
		F759BF851D356A86000B0CEF /* timer.h */ = {isa = PBXFileReference; lastKnownFileType = sourcecode.c.h; path = timer.h; sourceTree = "<group>"; };
		F759BF881D356A86000B0CEF /* block.hpp */ = {isa = PBXFileReference; lastKnownFileType = sourcecode.cpp.h; path = block.hpp; sourceTree = "<group>"; };
		F759BF891D356A86000B0CEF /* border_interpolate.hpp */ = {isa = PBXFileReference; lastKnownFileType = sourcecode.cpp.h; path = border_interpolate.hpp; sourceTree = "<group>"; };
		F759BF8A1D356A86000B0CEF /* color.hpp */ = {isa = PBXFileReference; lastKnownFileType = sourcecode.cpp.h; path = color.hpp; sourceTree = "<group>"; };
		F759BF8B1D356A86000B0CEF /* common.hpp */ = {isa = PBXFileReference; lastKnownFileType = sourcecode.cpp.h; path = common.hpp; sourceTree = "<group>"; };
		F759BF8C1D356A86000B0CEF /* datamov_utils.hpp */ = {isa = PBXFileReference; lastKnownFileType = sourcecode.cpp.h; path = datamov_utils.hpp; sourceTree = "<group>"; };
		F759BF8E1D356A86000B0CEF /* color_detail.hpp */ = {isa = PBXFileReference; lastKnownFileType = sourcecode.cpp.h; path = color_detail.hpp; sourceTree = "<group>"; };
		F759BF8F1D356A86000B0CEF /* reduce.hpp */ = {isa = PBXFileReference; lastKnownFileType = sourcecode.cpp.h; path = reduce.hpp; sourceTree = "<group>"; };
		F759BF901D356A86000B0CEF /* reduce_key_val.hpp */ = {isa = PBXFileReference; lastKnownFileType = sourcecode.cpp.h; path = reduce_key_val.hpp; sourceTree = "<group>"; };
		F759BF911D356A86000B0CEF /* transform_detail.hpp */ = {isa = PBXFileReference; lastKnownFileType = sourcecode.cpp.h; path = transform_detail.hpp; sourceTree = "<group>"; };
		F759BF921D356A86000B0CEF /* type_traits_detail.hpp */ = {isa = PBXFileReference; lastKnownFileType = sourcecode.cpp.h; path = type_traits_detail.hpp; sourceTree = "<group>"; };
		F759BF931D356A86000B0CEF /* vec_distance_detail.hpp */ = {isa = PBXFileReference; lastKnownFileType = sourcecode.cpp.h; path = vec_distance_detail.hpp; sourceTree = "<group>"; };
		F759BF941D356A86000B0CEF /* dynamic_smem.hpp */ = {isa = PBXFileReference; lastKnownFileType = sourcecode.cpp.h; path = dynamic_smem.hpp; sourceTree = "<group>"; };
		F759BF951D356A86000B0CEF /* emulation.hpp */ = {isa = PBXFileReference; lastKnownFileType = sourcecode.cpp.h; path = emulation.hpp; sourceTree = "<group>"; };
		F759BF961D356A86000B0CEF /* filters.hpp */ = {isa = PBXFileReference; lastKnownFileType = sourcecode.cpp.h; path = filters.hpp; sourceTree = "<group>"; };
		F759BF971D356A86000B0CEF /* funcattrib.hpp */ = {isa = PBXFileReference; lastKnownFileType = sourcecode.cpp.h; path = funcattrib.hpp; sourceTree = "<group>"; };
		F759BF981D356A86000B0CEF /* functional.hpp */ = {isa = PBXFileReference; lastKnownFileType = sourcecode.cpp.h; path = functional.hpp; sourceTree = "<group>"; };
		F759BF991D356A86000B0CEF /* limits.hpp */ = {isa = PBXFileReference; lastKnownFileType = sourcecode.cpp.h; path = limits.hpp; sourceTree = "<group>"; };
		F759BF9A1D356A86000B0CEF /* reduce.hpp */ = {isa = PBXFileReference; lastKnownFileType = sourcecode.cpp.h; path = reduce.hpp; sourceTree = "<group>"; };
		F759BF9B1D356A86000B0CEF /* saturate_cast.hpp */ = {isa = PBXFileReference; lastKnownFileType = sourcecode.cpp.h; path = saturate_cast.hpp; sourceTree = "<group>"; };
		F759BF9C1D356A86000B0CEF /* scan.hpp */ = {isa = PBXFileReference; lastKnownFileType = sourcecode.cpp.h; path = scan.hpp; sourceTree = "<group>"; };
		F759BF9D1D356A86000B0CEF /* simd_functions.hpp */ = {isa = PBXFileReference; lastKnownFileType = sourcecode.cpp.h; path = simd_functions.hpp; sourceTree = "<group>"; };
		F759BF9E1D356A86000B0CEF /* static_check.hpp */ = {isa = PBXFileReference; lastKnownFileType = sourcecode.cpp.h; path = static_check.hpp; sourceTree = "<group>"; };
		F759BF9F1D356A86000B0CEF /* transform.hpp */ = {isa = PBXFileReference; lastKnownFileType = sourcecode.cpp.h; path = transform.hpp; sourceTree = "<group>"; };
		F759BFA01D356A86000B0CEF /* type_traits.hpp */ = {isa = PBXFileReference; lastKnownFileType = sourcecode.cpp.h; path = type_traits.hpp; sourceTree = "<group>"; };
		F759BFA11D356A86000B0CEF /* utility.hpp */ = {isa = PBXFileReference; lastKnownFileType = sourcecode.cpp.h; path = utility.hpp; sourceTree = "<group>"; };
		F759BFA21D356A86000B0CEF /* vec_distance.hpp */ = {isa = PBXFileReference; lastKnownFileType = sourcecode.cpp.h; path = vec_distance.hpp; sourceTree = "<group>"; };
		F759BFA31D356A86000B0CEF /* vec_math.hpp */ = {isa = PBXFileReference; lastKnownFileType = sourcecode.cpp.h; path = vec_math.hpp; sourceTree = "<group>"; };
		F759BFA41D356A86000B0CEF /* vec_traits.hpp */ = {isa = PBXFileReference; lastKnownFileType = sourcecode.cpp.h; path = vec_traits.hpp; sourceTree = "<group>"; };
		F759BFA51D356A86000B0CEF /* warp.hpp */ = {isa = PBXFileReference; lastKnownFileType = sourcecode.cpp.h; path = warp.hpp; sourceTree = "<group>"; };
		F759BFA61D356A86000B0CEF /* warp_reduce.hpp */ = {isa = PBXFileReference; lastKnownFileType = sourcecode.cpp.h; path = warp_reduce.hpp; sourceTree = "<group>"; };
		F759BFA71D356A86000B0CEF /* warp_shuffle.hpp */ = {isa = PBXFileReference; lastKnownFileType = sourcecode.cpp.h; path = warp_shuffle.hpp; sourceTree = "<group>"; };
		F759BFA81D356A86000B0CEF /* devmem2d.hpp */ = {isa = PBXFileReference; lastKnownFileType = sourcecode.cpp.h; path = devmem2d.hpp; sourceTree = "<group>"; };
		F759BFA91D356A86000B0CEF /* gpu.hpp */ = {isa = PBXFileReference; lastKnownFileType = sourcecode.cpp.h; path = gpu.hpp; sourceTree = "<group>"; };
		F759BFAA1D356A86000B0CEF /* gpumat.hpp */ = {isa = PBXFileReference; lastKnownFileType = sourcecode.cpp.h; path = gpumat.hpp; sourceTree = "<group>"; };
		F759BFAB1D356A86000B0CEF /* stream_accessor.hpp */ = {isa = PBXFileReference; lastKnownFileType = sourcecode.cpp.h; path = stream_accessor.hpp; sourceTree = "<group>"; };
		F759BFAD1D356A86000B0CEF /* cap_ios.h */ = {isa = PBXFileReference; lastKnownFileType = sourcecode.c.h; path = cap_ios.h; sourceTree = "<group>"; };
		F759BFAE1D356A86000B0CEF /* highgui.hpp */ = {isa = PBXFileReference; lastKnownFileType = sourcecode.cpp.h; path = highgui.hpp; sourceTree = "<group>"; };
		F759BFAF1D356A86000B0CEF /* highgui_c.h */ = {isa = PBXFileReference; lastKnownFileType = sourcecode.c.h; path = highgui_c.h; sourceTree = "<group>"; };
		F759BFB01D356A86000B0CEF /* ios.h */ = {isa = PBXFileReference; lastKnownFileType = sourcecode.c.h; path = ios.h; sourceTree = "<group>"; };
		F759BFB21D356A86000B0CEF /* imgproc.hpp */ = {isa = PBXFileReference; lastKnownFileType = sourcecode.cpp.h; path = imgproc.hpp; sourceTree = "<group>"; };
		F759BFB31D356A86000B0CEF /* imgproc_c.h */ = {isa = PBXFileReference; lastKnownFileType = sourcecode.c.h; path = imgproc_c.h; sourceTree = "<group>"; };
		F759BFB41D356A86000B0CEF /* types_c.h */ = {isa = PBXFileReference; lastKnownFileType = sourcecode.c.h; path = types_c.h; sourceTree = "<group>"; };
		F759BFB61D356A86000B0CEF /* blobtrack.hpp */ = {isa = PBXFileReference; lastKnownFileType = sourcecode.cpp.h; path = blobtrack.hpp; sourceTree = "<group>"; };
		F759BFB71D356A86000B0CEF /* compat.hpp */ = {isa = PBXFileReference; lastKnownFileType = sourcecode.cpp.h; path = compat.hpp; sourceTree = "<group>"; };
		F759BFB81D356A86000B0CEF /* legacy.hpp */ = {isa = PBXFileReference; lastKnownFileType = sourcecode.cpp.h; path = legacy.hpp; sourceTree = "<group>"; };
		F759BFB91D356A86000B0CEF /* streams.hpp */ = {isa = PBXFileReference; lastKnownFileType = sourcecode.cpp.h; path = streams.hpp; sourceTree = "<group>"; };
		F759BFBB1D356A86000B0CEF /* ml.hpp */ = {isa = PBXFileReference; lastKnownFileType = sourcecode.cpp.h; path = ml.hpp; sourceTree = "<group>"; };
		F759BFBD1D356A86000B0CEF /* features2d.hpp */ = {isa = PBXFileReference; lastKnownFileType = sourcecode.cpp.h; path = features2d.hpp; sourceTree = "<group>"; };
		F759BFBE1D356A86000B0CEF /* gpu.hpp */ = {isa = PBXFileReference; lastKnownFileType = sourcecode.cpp.h; path = gpu.hpp; sourceTree = "<group>"; };
		F759BFBF1D356A86000B0CEF /* nonfree.hpp */ = {isa = PBXFileReference; lastKnownFileType = sourcecode.cpp.h; path = nonfree.hpp; sourceTree = "<group>"; };
		F759BFC01D356A86000B0CEF /* ocl.hpp */ = {isa = PBXFileReference; lastKnownFileType = sourcecode.cpp.h; path = ocl.hpp; sourceTree = "<group>"; };
		F759BFC21D356A86000B0CEF /* objdetect.hpp */ = {isa = PBXFileReference; lastKnownFileType = sourcecode.cpp.h; path = objdetect.hpp; sourceTree = "<group>"; };
		F759BFC31D356A86000B0CEF /* opencv.hpp */ = {isa = PBXFileReference; lastKnownFileType = sourcecode.cpp.h; path = opencv.hpp; sourceTree = "<group>"; };
		F759BFC41D356A86000B0CEF /* opencv_modules.hpp */ = {isa = PBXFileReference; lastKnownFileType = sourcecode.cpp.h; path = opencv_modules.hpp; sourceTree = "<group>"; };
		F759BFC61D356A86000B0CEF /* photo.hpp */ = {isa = PBXFileReference; lastKnownFileType = sourcecode.cpp.h; path = photo.hpp; sourceTree = "<group>"; };
		F759BFC71D356A86000B0CEF /* photo_c.h */ = {isa = PBXFileReference; lastKnownFileType = sourcecode.c.h; path = photo_c.h; sourceTree = "<group>"; };
		F759BFCA1D356A86000B0CEF /* autocalib.hpp */ = {isa = PBXFileReference; lastKnownFileType = sourcecode.cpp.h; path = autocalib.hpp; sourceTree = "<group>"; };
		F759BFCB1D356A86000B0CEF /* blenders.hpp */ = {isa = PBXFileReference; lastKnownFileType = sourcecode.cpp.h; path = blenders.hpp; sourceTree = "<group>"; };
		F759BFCC1D356A86000B0CEF /* camera.hpp */ = {isa = PBXFileReference; lastKnownFileType = sourcecode.cpp.h; path = camera.hpp; sourceTree = "<group>"; };
		F759BFCD1D356A86000B0CEF /* exposure_compensate.hpp */ = {isa = PBXFileReference; lastKnownFileType = sourcecode.cpp.h; path = exposure_compensate.hpp; sourceTree = "<group>"; };
		F759BFCE1D356A86000B0CEF /* matchers.hpp */ = {isa = PBXFileReference; lastKnownFileType = sourcecode.cpp.h; path = matchers.hpp; sourceTree = "<group>"; };
		F759BFCF1D356A86000B0CEF /* motion_estimators.hpp */ = {isa = PBXFileReference; lastKnownFileType = sourcecode.cpp.h; path = motion_estimators.hpp; sourceTree = "<group>"; };
		F759BFD01D356A86000B0CEF /* seam_finders.hpp */ = {isa = PBXFileReference; lastKnownFileType = sourcecode.cpp.h; path = seam_finders.hpp; sourceTree = "<group>"; };
		F759BFD11D356A86000B0CEF /* util.hpp */ = {isa = PBXFileReference; lastKnownFileType = sourcecode.cpp.h; path = util.hpp; sourceTree = "<group>"; };
		F759BFD21D356A86000B0CEF /* util_inl.hpp */ = {isa = PBXFileReference; lastKnownFileType = sourcecode.cpp.h; path = util_inl.hpp; sourceTree = "<group>"; };
		F759BFD31D356A86000B0CEF /* warpers.hpp */ = {isa = PBXFileReference; lastKnownFileType = sourcecode.cpp.h; path = warpers.hpp; sourceTree = "<group>"; };
		F759BFD41D356A86000B0CEF /* warpers_inl.hpp */ = {isa = PBXFileReference; lastKnownFileType = sourcecode.cpp.h; path = warpers_inl.hpp; sourceTree = "<group>"; };
		F759BFD51D356A86000B0CEF /* stitcher.hpp */ = {isa = PBXFileReference; lastKnownFileType = sourcecode.cpp.h; path = stitcher.hpp; sourceTree = "<group>"; };
		F759BFD61D356A86000B0CEF /* warpers.hpp */ = {isa = PBXFileReference; lastKnownFileType = sourcecode.cpp.h; path = warpers.hpp; sourceTree = "<group>"; };
		F759BFD81D356A86000B0CEF /* optical_flow.hpp */ = {isa = PBXFileReference; lastKnownFileType = sourcecode.cpp.h; path = optical_flow.hpp; sourceTree = "<group>"; };
		F759BFD91D356A86000B0CEF /* superres.hpp */ = {isa = PBXFileReference; lastKnownFileType = sourcecode.cpp.h; path = superres.hpp; sourceTree = "<group>"; };
		F759BFDB1D356A86000B0CEF /* gpu_perf.hpp */ = {isa = PBXFileReference; lastKnownFileType = sourcecode.cpp.h; path = gpu_perf.hpp; sourceTree = "<group>"; };
		F759BFDC1D356A86000B0CEF /* gpu_test.hpp */ = {isa = PBXFileReference; lastKnownFileType = sourcecode.cpp.h; path = gpu_test.hpp; sourceTree = "<group>"; };
		F759BFDD1D356A86000B0CEF /* ts.hpp */ = {isa = PBXFileReference; lastKnownFileType = sourcecode.cpp.h; path = ts.hpp; sourceTree = "<group>"; };
		F759BFDE1D356A86000B0CEF /* ts_gtest.h */ = {isa = PBXFileReference; lastKnownFileType = sourcecode.c.h; path = ts_gtest.h; sourceTree = "<group>"; };
		F759BFDF1D356A86000B0CEF /* ts_perf.hpp */ = {isa = PBXFileReference; lastKnownFileType = sourcecode.cpp.h; path = ts_perf.hpp; sourceTree = "<group>"; };
		F759BFE11D356A86000B0CEF /* background_segm.hpp */ = {isa = PBXFileReference; lastKnownFileType = sourcecode.cpp.h; path = background_segm.hpp; sourceTree = "<group>"; };
		F759BFE21D356A86000B0CEF /* tracking.hpp */ = {isa = PBXFileReference; lastKnownFileType = sourcecode.cpp.h; path = tracking.hpp; sourceTree = "<group>"; };
		F759BFE31D356A86000B0CEF /* video.hpp */ = {isa = PBXFileReference; lastKnownFileType = sourcecode.cpp.h; path = video.hpp; sourceTree = "<group>"; };
		F759BFE51D356A86000B0CEF /* deblurring.hpp */ = {isa = PBXFileReference; lastKnownFileType = sourcecode.cpp.h; path = deblurring.hpp; sourceTree = "<group>"; };
		F759BFE61D356A86000B0CEF /* fast_marching.hpp */ = {isa = PBXFileReference; lastKnownFileType = sourcecode.cpp.h; path = fast_marching.hpp; sourceTree = "<group>"; };
		F759BFE71D356A86000B0CEF /* fast_marching_inl.hpp */ = {isa = PBXFileReference; lastKnownFileType = sourcecode.cpp.h; path = fast_marching_inl.hpp; sourceTree = "<group>"; };
		F759BFE81D356A86000B0CEF /* frame_source.hpp */ = {isa = PBXFileReference; lastKnownFileType = sourcecode.cpp.h; path = frame_source.hpp; sourceTree = "<group>"; };
		F759BFE91D356A86000B0CEF /* global_motion.hpp */ = {isa = PBXFileReference; lastKnownFileType = sourcecode.cpp.h; path = global_motion.hpp; sourceTree = "<group>"; };
		F759BFEA1D356A86000B0CEF /* inpainting.hpp */ = {isa = PBXFileReference; lastKnownFileType = sourcecode.cpp.h; path = inpainting.hpp; sourceTree = "<group>"; };
		F759BFEB1D356A86000B0CEF /* log.hpp */ = {isa = PBXFileReference; lastKnownFileType = sourcecode.cpp.h; path = log.hpp; sourceTree = "<group>"; };
		F759BFEC1D356A86000B0CEF /* motion_stabilizing.hpp */ = {isa = PBXFileReference; lastKnownFileType = sourcecode.cpp.h; path = motion_stabilizing.hpp; sourceTree = "<group>"; };
		F759BFED1D356A86000B0CEF /* optical_flow.hpp */ = {isa = PBXFileReference; lastKnownFileType = sourcecode.cpp.h; path = optical_flow.hpp; sourceTree = "<group>"; };
		F759BFEE1D356A86000B0CEF /* stabilizer.hpp */ = {isa = PBXFileReference; lastKnownFileType = sourcecode.cpp.h; path = stabilizer.hpp; sourceTree = "<group>"; };
		F759BFEF1D356A86000B0CEF /* videostab.hpp */ = {isa = PBXFileReference; lastKnownFileType = sourcecode.cpp.h; path = videostab.hpp; sourceTree = "<group>"; };
		F759C0031D356A86000B0CEF /* opencv.a */ = {isa = PBXFileReference; lastKnownFileType = archive.ar; path = opencv.a; sourceTree = "<group>"; };
		F759C0051D356A86000B0CEF /* LICENSE */ = {isa = PBXFileReference; lastKnownFileType = text; path = LICENSE; sourceTree = "<group>"; };
		F7F141221D7E1F6A00F8DF66 /* ofAppConsoleCurses.cpp */ = {isa = PBXFileReference; lastKnownFileType = sourcecode.cpp.cpp; path = ofAppConsoleCurses.cpp; sourceTree = "<group>"; };
		F7F141231D7E1F6A00F8DF66 /* ofAppConsoleCurses.h */ = {isa = PBXFileReference; lastKnownFileType = sourcecode.c.h; path = ofAppConsoleCurses.h; sourceTree = "<group>"; };
		F7F141241D7E1F6A00F8DF66 /* ofxNcurses.cpp */ = {isa = PBXFileReference; lastKnownFileType = sourcecode.cpp.cpp; path = ofxNcurses.cpp; sourceTree = "<group>"; };
		F7F141251D7E1F6A00F8DF66 /* ofxNcurses.h */ = {isa = PBXFileReference; lastKnownFileType = sourcecode.c.h; path = ofxNcurses.h; sourceTree = "<group>"; };
		F7F141281D7E20DD00F8DF66 /* ofApp_ncurses.cpp */ = {isa = PBXFileReference; fileEncoding = 4; lastKnownFileType = sourcecode.cpp.cpp; path = ofApp_ncurses.cpp; sourceTree = "<group>"; };
		F7FBC56859535E597B24BB91 /* NetworkingUtils.h */ = {isa = PBXFileReference; explicitFileType = sourcecode.c.h; fileEncoding = 30; name = NetworkingUtils.h; path = ../../../addons/ofxOsc/libs/oscpack/src/ip/NetworkingUtils.h; sourceTree = SOURCE_ROOT; };
		FC5DA1C87211D4F6377DA719 /* tinyxmlparser.cpp */ = {isa = PBXFileReference; explicitFileType = sourcecode.cpp.cpp; fileEncoding = 30; name = tinyxmlparser.cpp; path = ../../../addons/ofxXmlSettings/libs/tinyxmlparser.cpp; sourceTree = SOURCE_ROOT; };
		FE15469185A3A49FEC9D2292 /* myvec.h */ = {isa = PBXFileReference; explicitFileType = sourcecode.c.h; fileEncoding = 30; name = myvec.h; path = ../../../addons/ofxCv/libs/CLD/include/CLD/myvec.h; sourceTree = SOURCE_ROOT; };
/* End PBXFileReference section */

/* Begin PBXFrameworksBuildPhase section */
		E4B69B590A3A1756003C02F2 /* Frameworks */ = {
			isa = PBXFrameworksBuildPhase;
			buildActionMask = 2147483647;
			files = (
				F759C00D1D356A86000B0CEF /* opencv.a in Frameworks */,
				E4328149138ABC9F0047C5CB /* openFrameworksDebug.a in Frameworks */,
			);
			runOnlyForDeploymentPostprocessing = 0;
		};
/* End PBXFrameworksBuildPhase section */

/* Begin PBXGroup section */
		13C72B31738CA9F68523CB1C /* include */ = {
			isa = PBXGroup;
			children = (
				4EB038C7DF921AA8A4070286 /* ofxCv */,
			);
			name = include;
			sourceTree = "<group>";
		};
		1F4FB5C423662B96ADFDCC0B /* ofxXmlSettings */ = {
			isa = PBXGroup;
			children = (
				6ECEF0D76BC33727823EADFF /* src */,
				6E54289412D2D94F45A05113 /* libs */,
			);
			name = ofxXmlSettings;
			sourceTree = "<group>";
		};
		21EBD5CB6543DF5A6F5B2E37 /* ofxIpVideoGrabber */ = {
			isa = PBXGroup;
			children = (
				D9736FAEDF24C405D46CA701 /* src */,
			);
			name = ofxIpVideoGrabber;
			sourceTree = "<group>";
		};
		30CB364908817057B430D528 /* osc */ = {
			isa = PBXGroup;
			children = (
				AE335EB4709BFD4671EEAC84 /* MessageMappingOscPacketListener.h */,
				F4F5B6B8BA2BD52C646ED908 /* OscException.h */,
				A2AAA8CA403479E6FCDF920E /* OscHostEndianness.h */,
				63A47AC60FFAFC3BF093EC0F /* OscOutboundPacketStream.cpp */,
				029684CF678F70F6D3537A29 /* OscOutboundPacketStream.h */,
				6B65E6930994CC4B2D2B8B33 /* OscPacketListener.h */,
				BC8881B3C8C0A1C45F042E7A /* OscPrintReceivedElements.cpp */,
				4E95FB446A9C9C6F0DE12D75 /* OscPrintReceivedElements.h */,
				9BF3AA0D4FAA89D0F8A0E545 /* OscReceivedElements.cpp */,
				20F35AFADAF0068B067E713F /* OscReceivedElements.h */,
				D9BFFBBF4CC43DEE890B3C3E /* OscTypes.cpp */,
				C6937888E126BADC8777423B /* OscTypes.h */,
			);
			name = osc;
			sourceTree = "<group>";
		};
		37CF39B443ACB0F86B1351ED /* src */ = {
			isa = PBXGroup;
			children = (
				B047FF96258DC01792B272DB /* ETF.cpp */,
				A2D8249D46647E3C51769CDE /* fdog.cpp */,
			);
			name = src;
			sourceTree = "<group>";
		};
		38871A5825686AE018EC2BF0 /* libs */ = {
			isa = PBXGroup;
			children = (
				86D2677079A3AF4A5A88E29A /* oscpack */,
			);
			name = libs;
			sourceTree = "<group>";
		};
		45591C11B7434576DF6996B4 /* include */ = {
			isa = PBXGroup;
			children = (
				FEA273413D5AFD9607F56ABE /* CLD */,
			);
			name = include;
			sourceTree = "<group>";
		};
		4EB038C7DF921AA8A4070286 /* ofxCv */ = {
			isa = PBXGroup;
			children = (
				58140E0F92D37844E9C8883D /* Calibration.h */,
				178547E33CE398C7B59F08AB /* ContourFinder.h */,
				D29DD28C195CD81267F3C8A1 /* Distance.h */,
				8326CDEDA153D242D924D2B6 /* Flow.h */,
				8738DE90218B1E9054A88B54 /* Helpers.h */,
				F3C32677C12BD67CF9F8980E /* Kalman.h */,
				4524C0ED0C2DD3E085CE3350 /* ObjectFinder.h */,
				6B3CDFD1A15E92F074E7D5AE /* RunningBackground.h */,
				70046E043EDDB466ED625C3B /* Tracker.h */,
				84D3470A12DEE51F320224AC /* Utilities.h */,
				73157AAE32787C63313C7D8E /* Wrappers.h */,
			);
			name = ofxCv;
			sourceTree = "<group>";
		};
		6025FAF6414C2CA589764D26 /* ofxCv */ = {
			isa = PBXGroup;
			children = (
				873F2BD1A608B2DE7BC81AFB /* src */,
				90D509C72729D1998E28A98F /* libs */,
			);
			name = ofxCv;
			sourceTree = "<group>";
		};
		641362CA659FAFEE4E81001B /* posix */ = {
			isa = PBXGroup;
			children = (
				3B361208CD4107E479F04E7B /* NetworkingUtils.cpp */,
				E6DEF695B88BA5FAACEAA937 /* UdpSocket.cpp */,
			);
			name = posix;
			sourceTree = "<group>";
		};
		6948EE371B920CB800B5AC1A /* local_addons */ = {
			isa = PBXGroup;
			children = (
			);
			name = local_addons;
			sourceTree = "<group>";
		};
		6E54289412D2D94F45A05113 /* libs */ = {
			isa = PBXGroup;
			children = (
				2B40EDA85BEB63E46785BC29 /* tinyxml.cpp */,
				B21E7E5F548EEA92F368040B /* tinyxml.h */,
				832BDC407620CDBA568B713D /* tinyxmlerror.cpp */,
				FC5DA1C87211D4F6377DA719 /* tinyxmlparser.cpp */,
			);
			name = libs;
			sourceTree = "<group>";
		};
		6ECEF0D76BC33727823EADFF /* src */ = {
			isa = PBXGroup;
			children = (
				50DF87D612C5AAE17AAFA6C0 /* ofxXmlSettings.cpp */,
				01DCC0911400F9ACF5B65578 /* ofxXmlSettings.h */,
			);
			name = src;
			sourceTree = "<group>";
		};
		7CC1E591490DB083FB916812 /* CLD */ = {
			isa = PBXGroup;
			children = (
				45591C11B7434576DF6996B4 /* include */,
				37CF39B443ACB0F86B1351ED /* src */,
			);
			name = CLD;
			sourceTree = "<group>";
		};
		85961BEC127E2550AA7756C9 /* ofxCv */ = {
			isa = PBXGroup;
			children = (
				13C72B31738CA9F68523CB1C /* include */,
				D240A1DD1AE9F8E81BDBCD2B /* src */,
			);
			name = ofxCv;
			sourceTree = "<group>";
		};
		86D2677079A3AF4A5A88E29A /* oscpack */ = {
			isa = PBXGroup;
			children = (
				D27B2221A225CA523C019676 /* src */,
			);
			name = oscpack;
			sourceTree = "<group>";
		};
		873F2BD1A608B2DE7BC81AFB /* src */ = {
			isa = PBXGroup;
			children = (
				325BD94FFB93161BBC68336E /* ofxCv.h */,
			);
			name = src;
			sourceTree = "<group>";
		};
		90D509C72729D1998E28A98F /* libs */ = {
			isa = PBXGroup;
			children = (
				7CC1E591490DB083FB916812 /* CLD */,
				85961BEC127E2550AA7756C9 /* ofxCv */,
			);
			name = libs;
			sourceTree = "<group>";
		};
		BB4B014C10F69532006C3DED /* addons */ = {
			isa = PBXGroup;
			children = (
				6025FAF6414C2CA589764D26 /* ofxCv */,
				21EBD5CB6543DF5A6F5B2E37 /* ofxIpVideoGrabber */,
				E6053AB7FEC63D5F83825B88 /* ofxOsc */,
				1F4FB5C423662B96ADFDCC0B /* ofxXmlSettings */,
				F759BF241D356A86000B0CEF /* ofxOpenCv */,
				F7F141201D7E1F6A00F8DF66 /* ofxConsoleCurses */,
			);
			name = addons;
			sourceTree = "<group>";
		};
		BD2F1A9F8D0C05EDB29122D0 /* src */ = {
			isa = PBXGroup;
			children = (
				00D6D32B84B099226431108C /* ofxOsc.h */,
				7689F8A0F3D0B7635A8C3104 /* ofxOscArg.h */,
				65EEFA3DA3526E9CDD9C21F9 /* ofxOscBundle.cpp */,
				8B30E93FD3D3475EED522A0E /* ofxOscBundle.h */,
				DF49D76C45D5DB505A234880 /* ofxOscMessage.cpp */,
				C58862C6D212C8E8A83810F4 /* ofxOscMessage.h */,
				0AED834CE4DEC5260AF302A2 /* ofxOscParameterSync.cpp */,
				B31C608870ECEB2490A93736 /* ofxOscParameterSync.h */,
				C2FAC65C491D4231379F3298 /* ofxOscReceiver.cpp */,
				8C75AFC8774A62495DD53464 /* ofxOscReceiver.h */,
				81967292BFC87A0144BD32C6 /* ofxOscSender.cpp */,
				9F7986DC4EB05E75FCE2C777 /* ofxOscSender.h */,
			);
			name = src;
			sourceTree = "<group>";
		};
		D240A1DD1AE9F8E81BDBCD2B /* src */ = {
			isa = PBXGroup;
			children = (
				402C8F4015542356D362AC88 /* Calibration.cpp */,
				5FBB4A8427353AED09174BE5 /* ContourFinder.cpp */,
				9DBD717072C35D324E101669 /* Distance.cpp */,
				03A75A648BC4CF1D9DEDD0CE /* Flow.cpp */,
				B9076967F8C54A04362C04AA /* Helpers.cpp */,
				77A1A692522820F935B58762 /* Kalman.cpp */,
				AE75A3FBA2C2D87D14F06FE6 /* ObjectFinder.cpp */,
				5CBF6AED6A17AC0C17F63CC4 /* RunningBackground.cpp */,
				A810DF70319A10353588F5DB /* Tracker.cpp */,
				6CEC50DB3D06414010233963 /* Utilities.cpp */,
				D347FB65D19015303863922A /* Wrappers.cpp */,
			);
			name = src;
			sourceTree = "<group>";
		};
		D27B2221A225CA523C019676 /* src */ = {
			isa = PBXGroup;
			children = (
				FF8CDF57858E9B94E3237115 /* ip */,
				30CB364908817057B430D528 /* osc */,
			);
			name = src;
			sourceTree = "<group>";
		};
		D9736FAEDF24C405D46CA701 /* src */ = {
			isa = PBXGroup;
			children = (
				0B79573447F20E8D2AEA5579 /* IPVideoGrabber.cpp */,
				0FD670B975581BBFADB2285B /* IPVideoGrabber.h */,
			);
			name = src;
			sourceTree = "<group>";
		};
		E4328144138ABC890047C5CB /* Products */ = {
			isa = PBXGroup;
			children = (
				E4328148138ABC890047C5CB /* openFrameworksDebug.a */,
			);
			name = Products;
			sourceTree = "<group>";
		};
		E4B69B4A0A3A1720003C02F2 = {
			isa = PBXGroup;
			children = (
				E4B6FCAD0C3E899E008CF71C /* openFrameworks-Info.plist */,
				E4EB6923138AFD0F00A09F29 /* Project.xcconfig */,
				F75319251D59529B0065EDB4 /* streams.xml */,
				E4B69E1C0A3A1BDC003C02F2 /* src */,
				E4EEC9E9138DF44700A80321 /* openFrameworks */,
				BB4B014C10F69532006C3DED /* addons */,
				6948EE371B920CB800B5AC1A /* local_addons */,
				E4B69B5B0A3A1756003C02F2 /* wmcDebug.app */,
			);
			sourceTree = "<group>";
		};
		E4B69E1C0A3A1BDC003C02F2 /* src */ = {
			isa = PBXGroup;
			children = (
				F759BF221D356A64000B0CEF /* ofApp_network.cpp */,
				F7F141281D7E20DD00F8DF66 /* ofApp_ncurses.cpp */,
				E4B69E1D0A3A1BDC003C02F2 /* main.cpp */,
				E4B69E1E0A3A1BDC003C02F2 /* ofApp.cpp */,
				E4B69E1F0A3A1BDC003C02F2 /* ofApp.h */,
			);
			path = src;
			sourceTree = SOURCE_ROOT;
		};
		E4EEC9E9138DF44700A80321 /* openFrameworks */ = {
			isa = PBXGroup;
			children = (
				E4EB691F138AFCF100A09F29 /* CoreOF.xcconfig */,
				E4328143138ABC890047C5CB /* openFrameworksLib.xcodeproj */,
			);
			name = openFrameworks;
			sourceTree = "<group>";
		};
		E6053AB7FEC63D5F83825B88 /* ofxOsc */ = {
			isa = PBXGroup;
			children = (
				BD2F1A9F8D0C05EDB29122D0 /* src */,
				38871A5825686AE018EC2BF0 /* libs */,
			);
			name = ofxOsc;
			sourceTree = "<group>";
		};
		F759BF241D356A86000B0CEF /* ofxOpenCv */ = {
			isa = PBXGroup;
			children = (
				F759BF251D356A86000B0CEF /* src */,
				F759BF371D356A86000B0CEF /* libs */,
			);
			name = ofxOpenCv;
			sourceTree = "<group>";
		};
		F759BF251D356A86000B0CEF /* src */ = {
			isa = PBXGroup;
			children = (
				F759BF261D356A86000B0CEF /* ofxCvBlob.h */,
				F759BF271D356A86000B0CEF /* ofxCvColorImage.cpp */,
				F759BF281D356A86000B0CEF /* ofxCvColorImage.h */,
				F759BF291D356A86000B0CEF /* ofxCvConstants.h */,
				F759BF2A1D356A86000B0CEF /* ofxCvContourFinder.cpp */,
				F759BF2B1D356A86000B0CEF /* ofxCvContourFinder.h */,
				F759BF2C1D356A86000B0CEF /* ofxCvFloatImage.cpp */,
				F759BF2D1D356A86000B0CEF /* ofxCvFloatImage.h */,
				F759BF2E1D356A86000B0CEF /* ofxCvGrayscaleImage.cpp */,
				F759BF2F1D356A86000B0CEF /* ofxCvGrayscaleImage.h */,
				F759BF301D356A86000B0CEF /* ofxCvHaarFinder.cpp */,
				F759BF311D356A86000B0CEF /* ofxCvHaarFinder.h */,
				F759BF321D356A86000B0CEF /* ofxCvImage.cpp */,
				F759BF331D356A86000B0CEF /* ofxCvImage.h */,
				F759BF341D356A86000B0CEF /* ofxCvShortImage.cpp */,
				F759BF351D356A86000B0CEF /* ofxCvShortImage.h */,
				F759BF361D356A86000B0CEF /* ofxOpenCv.h */,
			);
			name = src;
			path = ../../../addons/ofxOpenCv/src;
			sourceTree = "<group>";
		};
		F759BF371D356A86000B0CEF /* libs */ = {
			isa = PBXGroup;
			children = (
				F759BF381D356A86000B0CEF /* opencv */,
			);
			name = libs;
			path = ../../../addons/ofxOpenCv/libs;
			sourceTree = "<group>";
		};
		F759BF381D356A86000B0CEF /* opencv */ = {
			isa = PBXGroup;
			children = (
				F759BF391D356A86000B0CEF /* include */,
				F759BFF01D356A86000B0CEF /* lib */,
				F759C0041D356A86000B0CEF /* license */,
			);
			path = opencv;
			sourceTree = "<group>";
		};
		F759BF391D356A86000B0CEF /* include */ = {
			isa = PBXGroup;
			children = (
				F759BF3A1D356A86000B0CEF /* opencv */,
				F759BF461D356A86000B0CEF /* opencv2 */,
			);
			path = include;
			sourceTree = "<group>";
		};
		F759BF3A1D356A86000B0CEF /* opencv */ = {
			isa = PBXGroup;
			children = (
				F759BF3B1D356A86000B0CEF /* cv.h */,
				F759BF3C1D356A86000B0CEF /* cv.hpp */,
				F759BF3D1D356A86000B0CEF /* cvaux.h */,
				F759BF3E1D356A86000B0CEF /* cvaux.hpp */,
				F759BF3F1D356A86000B0CEF /* cvwimage.h */,
				F759BF401D356A86000B0CEF /* cxcore.h */,
				F759BF411D356A86000B0CEF /* cxcore.hpp */,
				F759BF421D356A86000B0CEF /* cxeigen.hpp */,
				F759BF431D356A86000B0CEF /* cxmisc.h */,
				F759BF441D356A86000B0CEF /* highgui.h */,
				F759BF451D356A86000B0CEF /* ml.h */,
			);
			path = opencv;
			sourceTree = "<group>";
		};
		F759BF461D356A86000B0CEF /* opencv2 */ = {
			isa = PBXGroup;
			children = (
				F759BF471D356A86000B0CEF /* calib3d */,
				F759BF491D356A86000B0CEF /* contrib */,
				F759BF4F1D356A86000B0CEF /* core */,
				F759BF5F1D356A86000B0CEF /* features2d */,
				F759BF611D356A86000B0CEF /* flann */,
				F759BF861D356A86000B0CEF /* gpu */,
				F759BFAC1D356A86000B0CEF /* highgui */,
				F759BFB11D356A86000B0CEF /* imgproc */,
				F759BFB51D356A86000B0CEF /* legacy */,
				F759BFBA1D356A86000B0CEF /* ml */,
				F759BFBC1D356A86000B0CEF /* nonfree */,
				F759BFC11D356A86000B0CEF /* objdetect */,
				F759BFC31D356A86000B0CEF /* opencv.hpp */,
				F759BFC41D356A86000B0CEF /* opencv_modules.hpp */,
				F759BFC51D356A86000B0CEF /* photo */,
				F759BFC81D356A86000B0CEF /* stitching */,
				F759BFD71D356A86000B0CEF /* superres */,
				F759BFDA1D356A86000B0CEF /* ts */,
				F759BFE01D356A86000B0CEF /* video */,
				F759BFE41D356A86000B0CEF /* videostab */,
			);
			path = opencv2;
			sourceTree = "<group>";
		};
		F759BF471D356A86000B0CEF /* calib3d */ = {
			isa = PBXGroup;
			children = (
				F759BF481D356A86000B0CEF /* calib3d.hpp */,
			);
			path = calib3d;
			sourceTree = "<group>";
		};
		F759BF491D356A86000B0CEF /* contrib */ = {
			isa = PBXGroup;
			children = (
				F759BF4A1D356A86000B0CEF /* contrib.hpp */,
				F759BF4B1D356A86000B0CEF /* detection_based_tracker.hpp */,
				F759BF4C1D356A86000B0CEF /* hybridtracker.hpp */,
				F759BF4D1D356A86000B0CEF /* openfabmap.hpp */,
				F759BF4E1D356A86000B0CEF /* retina.hpp */,
			);
			path = contrib;
			sourceTree = "<group>";
		};
		F759BF4F1D356A86000B0CEF /* core */ = {
			isa = PBXGroup;
			children = (
				F759BF501D356A86000B0CEF /* affine.hpp */,
				F759BF511D356A86000B0CEF /* core.hpp */,
				F759BF521D356A86000B0CEF /* core_c.h */,
				F759BF531D356A86000B0CEF /* cuda_devptrs.hpp */,
				F759BF541D356A86000B0CEF /* devmem2d.hpp */,
				F759BF551D356A86000B0CEF /* eigen.hpp */,
				F759BF561D356A86000B0CEF /* gpumat.hpp */,
				F759BF571D356A86000B0CEF /* internal.hpp */,
				F759BF581D356A86000B0CEF /* mat.hpp */,
				F759BF591D356A86000B0CEF /* opengl_interop.hpp */,
				F759BF5A1D356A86000B0CEF /* opengl_interop_deprecated.hpp */,
				F759BF5B1D356A86000B0CEF /* operations.hpp */,
				F759BF5C1D356A86000B0CEF /* types_c.h */,
				F759BF5D1D356A86000B0CEF /* version.hpp */,
				F759BF5E1D356A86000B0CEF /* wimage.hpp */,
			);
			path = core;
			sourceTree = "<group>";
		};
		F759BF5F1D356A86000B0CEF /* features2d */ = {
			isa = PBXGroup;
			children = (
				F759BF601D356A86000B0CEF /* features2d.hpp */,
			);
			path = features2d;
			sourceTree = "<group>";
		};
		F759BF611D356A86000B0CEF /* flann */ = {
			isa = PBXGroup;
			children = (
				F759BF621D356A86000B0CEF /* all_indices.h */,
				F759BF631D356A86000B0CEF /* allocator.h */,
				F759BF641D356A86000B0CEF /* any.h */,
				F759BF651D356A86000B0CEF /* autotuned_index.h */,
				F759BF661D356A86000B0CEF /* composite_index.h */,
				F759BF671D356A86000B0CEF /* config.h */,
				F759BF681D356A86000B0CEF /* defines.h */,
				F759BF691D356A86000B0CEF /* dist.h */,
				F759BF6A1D356A86000B0CEF /* dummy.h */,
				F759BF6B1D356A86000B0CEF /* dynamic_bitset.h */,
				F759BF6C1D356A86000B0CEF /* flann.hpp */,
				F759BF6D1D356A86000B0CEF /* flann_base.hpp */,
				F759BF6E1D356A86000B0CEF /* general.h */,
				F759BF6F1D356A86000B0CEF /* ground_truth.h */,
				F759BF701D356A86000B0CEF /* hdf5.h */,
				F759BF711D356A86000B0CEF /* heap.h */,
				F759BF721D356A86000B0CEF /* hierarchical_clustering_index.h */,
				F759BF731D356A86000B0CEF /* index_testing.h */,
				F759BF741D356A86000B0CEF /* kdtree_index.h */,
				F759BF751D356A86000B0CEF /* kdtree_single_index.h */,
				F759BF761D356A86000B0CEF /* kmeans_index.h */,
				F759BF771D356A86000B0CEF /* linear_index.h */,
				F759BF781D356A86000B0CEF /* logger.h */,
				F759BF791D356A86000B0CEF /* lsh_index.h */,
				F759BF7A1D356A86000B0CEF /* lsh_table.h */,
				F759BF7B1D356A86000B0CEF /* matrix.h */,
				F759BF7C1D356A86000B0CEF /* miniflann.hpp */,
				F759BF7D1D356A86000B0CEF /* nn_index.h */,
				F759BF7E1D356A86000B0CEF /* object_factory.h */,
				F759BF7F1D356A86000B0CEF /* params.h */,
				F759BF801D356A86000B0CEF /* random.h */,
				F759BF811D356A86000B0CEF /* result_set.h */,
				F759BF821D356A86000B0CEF /* sampling.h */,
				F759BF831D356A86000B0CEF /* saving.h */,
				F759BF841D356A86000B0CEF /* simplex_downhill.h */,
				F759BF851D356A86000B0CEF /* timer.h */,
			);
			path = flann;
			sourceTree = "<group>";
		};
		F759BF861D356A86000B0CEF /* gpu */ = {
			isa = PBXGroup;
			children = (
				F759BF871D356A86000B0CEF /* device */,
				F759BFA81D356A86000B0CEF /* devmem2d.hpp */,
				F759BFA91D356A86000B0CEF /* gpu.hpp */,
				F759BFAA1D356A86000B0CEF /* gpumat.hpp */,
				F759BFAB1D356A86000B0CEF /* stream_accessor.hpp */,
			);
			path = gpu;
			sourceTree = "<group>";
		};
		F759BF871D356A86000B0CEF /* device */ = {
			isa = PBXGroup;
			children = (
				F759BF881D356A86000B0CEF /* block.hpp */,
				F759BF891D356A86000B0CEF /* border_interpolate.hpp */,
				F759BF8A1D356A86000B0CEF /* color.hpp */,
				F759BF8B1D356A86000B0CEF /* common.hpp */,
				F759BF8C1D356A86000B0CEF /* datamov_utils.hpp */,
				F759BF8D1D356A86000B0CEF /* detail */,
				F759BF941D356A86000B0CEF /* dynamic_smem.hpp */,
				F759BF951D356A86000B0CEF /* emulation.hpp */,
				F759BF961D356A86000B0CEF /* filters.hpp */,
				F759BF971D356A86000B0CEF /* funcattrib.hpp */,
				F759BF981D356A86000B0CEF /* functional.hpp */,
				F759BF991D356A86000B0CEF /* limits.hpp */,
				F759BF9A1D356A86000B0CEF /* reduce.hpp */,
				F759BF9B1D356A86000B0CEF /* saturate_cast.hpp */,
				F759BF9C1D356A86000B0CEF /* scan.hpp */,
				F759BF9D1D356A86000B0CEF /* simd_functions.hpp */,
				F759BF9E1D356A86000B0CEF /* static_check.hpp */,
				F759BF9F1D356A86000B0CEF /* transform.hpp */,
				F759BFA01D356A86000B0CEF /* type_traits.hpp */,
				F759BFA11D356A86000B0CEF /* utility.hpp */,
				F759BFA21D356A86000B0CEF /* vec_distance.hpp */,
				F759BFA31D356A86000B0CEF /* vec_math.hpp */,
				F759BFA41D356A86000B0CEF /* vec_traits.hpp */,
				F759BFA51D356A86000B0CEF /* warp.hpp */,
				F759BFA61D356A86000B0CEF /* warp_reduce.hpp */,
				F759BFA71D356A86000B0CEF /* warp_shuffle.hpp */,
			);
			path = device;
			sourceTree = "<group>";
		};
		F759BF8D1D356A86000B0CEF /* detail */ = {
			isa = PBXGroup;
			children = (
				F759BF8E1D356A86000B0CEF /* color_detail.hpp */,
				F759BF8F1D356A86000B0CEF /* reduce.hpp */,
				F759BF901D356A86000B0CEF /* reduce_key_val.hpp */,
				F759BF911D356A86000B0CEF /* transform_detail.hpp */,
				F759BF921D356A86000B0CEF /* type_traits_detail.hpp */,
				F759BF931D356A86000B0CEF /* vec_distance_detail.hpp */,
			);
			path = detail;
			sourceTree = "<group>";
		};
		F759BFAC1D356A86000B0CEF /* highgui */ = {
			isa = PBXGroup;
			children = (
				F759BFAD1D356A86000B0CEF /* cap_ios.h */,
				F759BFAE1D356A86000B0CEF /* highgui.hpp */,
				F759BFAF1D356A86000B0CEF /* highgui_c.h */,
				F759BFB01D356A86000B0CEF /* ios.h */,
			);
			path = highgui;
			sourceTree = "<group>";
		};
		F759BFB11D356A86000B0CEF /* imgproc */ = {
			isa = PBXGroup;
			children = (
				F759BFB21D356A86000B0CEF /* imgproc.hpp */,
				F759BFB31D356A86000B0CEF /* imgproc_c.h */,
				F759BFB41D356A86000B0CEF /* types_c.h */,
			);
			path = imgproc;
			sourceTree = "<group>";
		};
		F759BFB51D356A86000B0CEF /* legacy */ = {
			isa = PBXGroup;
			children = (
				F759BFB61D356A86000B0CEF /* blobtrack.hpp */,
				F759BFB71D356A86000B0CEF /* compat.hpp */,
				F759BFB81D356A86000B0CEF /* legacy.hpp */,
				F759BFB91D356A86000B0CEF /* streams.hpp */,
			);
			path = legacy;
			sourceTree = "<group>";
		};
		F759BFBA1D356A86000B0CEF /* ml */ = {
			isa = PBXGroup;
			children = (
				F759BFBB1D356A86000B0CEF /* ml.hpp */,
			);
			path = ml;
			sourceTree = "<group>";
		};
		F759BFBC1D356A86000B0CEF /* nonfree */ = {
			isa = PBXGroup;
			children = (
				F759BFBD1D356A86000B0CEF /* features2d.hpp */,
				F759BFBE1D356A86000B0CEF /* gpu.hpp */,
				F759BFBF1D356A86000B0CEF /* nonfree.hpp */,
				F759BFC01D356A86000B0CEF /* ocl.hpp */,
			);
			path = nonfree;
			sourceTree = "<group>";
		};
		F759BFC11D356A86000B0CEF /* objdetect */ = {
			isa = PBXGroup;
			children = (
				F759BFC21D356A86000B0CEF /* objdetect.hpp */,
			);
			path = objdetect;
			sourceTree = "<group>";
		};
		F759BFC51D356A86000B0CEF /* photo */ = {
			isa = PBXGroup;
			children = (
				F759BFC61D356A86000B0CEF /* photo.hpp */,
				F759BFC71D356A86000B0CEF /* photo_c.h */,
			);
			path = photo;
			sourceTree = "<group>";
		};
		F759BFC81D356A86000B0CEF /* stitching */ = {
			isa = PBXGroup;
			children = (
				F759BFC91D356A86000B0CEF /* detail */,
				F759BFD51D356A86000B0CEF /* stitcher.hpp */,
				F759BFD61D356A86000B0CEF /* warpers.hpp */,
			);
			path = stitching;
			sourceTree = "<group>";
		};
		F759BFC91D356A86000B0CEF /* detail */ = {
			isa = PBXGroup;
			children = (
				F759BFCA1D356A86000B0CEF /* autocalib.hpp */,
				F759BFCB1D356A86000B0CEF /* blenders.hpp */,
				F759BFCC1D356A86000B0CEF /* camera.hpp */,
				F759BFCD1D356A86000B0CEF /* exposure_compensate.hpp */,
				F759BFCE1D356A86000B0CEF /* matchers.hpp */,
				F759BFCF1D356A86000B0CEF /* motion_estimators.hpp */,
				F759BFD01D356A86000B0CEF /* seam_finders.hpp */,
				F759BFD11D356A86000B0CEF /* util.hpp */,
				F759BFD21D356A86000B0CEF /* util_inl.hpp */,
				F759BFD31D356A86000B0CEF /* warpers.hpp */,
				F759BFD41D356A86000B0CEF /* warpers_inl.hpp */,
			);
			path = detail;
			sourceTree = "<group>";
		};
		F759BFD71D356A86000B0CEF /* superres */ = {
			isa = PBXGroup;
			children = (
				F759BFD81D356A86000B0CEF /* optical_flow.hpp */,
				F759BFD91D356A86000B0CEF /* superres.hpp */,
			);
			path = superres;
			sourceTree = "<group>";
		};
		F759BFDA1D356A86000B0CEF /* ts */ = {
			isa = PBXGroup;
			children = (
				F759BFDB1D356A86000B0CEF /* gpu_perf.hpp */,
				F759BFDC1D356A86000B0CEF /* gpu_test.hpp */,
				F759BFDD1D356A86000B0CEF /* ts.hpp */,
				F759BFDE1D356A86000B0CEF /* ts_gtest.h */,
				F759BFDF1D356A86000B0CEF /* ts_perf.hpp */,
			);
			path = ts;
			sourceTree = "<group>";
		};
		F759BFE01D356A86000B0CEF /* video */ = {
			isa = PBXGroup;
			children = (
				F759BFE11D356A86000B0CEF /* background_segm.hpp */,
				F759BFE21D356A86000B0CEF /* tracking.hpp */,
				F759BFE31D356A86000B0CEF /* video.hpp */,
			);
			path = video;
			sourceTree = "<group>";
		};
		F759BFE41D356A86000B0CEF /* videostab */ = {
			isa = PBXGroup;
			children = (
				F759BFE51D356A86000B0CEF /* deblurring.hpp */,
				F759BFE61D356A86000B0CEF /* fast_marching.hpp */,
				F759BFE71D356A86000B0CEF /* fast_marching_inl.hpp */,
				F759BFE81D356A86000B0CEF /* frame_source.hpp */,
				F759BFE91D356A86000B0CEF /* global_motion.hpp */,
				F759BFEA1D356A86000B0CEF /* inpainting.hpp */,
				F759BFEB1D356A86000B0CEF /* log.hpp */,
				F759BFEC1D356A86000B0CEF /* motion_stabilizing.hpp */,
				F759BFED1D356A86000B0CEF /* optical_flow.hpp */,
				F759BFEE1D356A86000B0CEF /* stabilizer.hpp */,
				F759BFEF1D356A86000B0CEF /* videostab.hpp */,
			);
			path = videostab;
			sourceTree = "<group>";
		};
		F759BFF01D356A86000B0CEF /* lib */ = {
			isa = PBXGroup;
			children = (
				F759C0021D356A86000B0CEF /* osx */,
			);
			path = lib;
			sourceTree = "<group>";
		};
		F759C0021D356A86000B0CEF /* osx */ = {
			isa = PBXGroup;
			children = (
				F759C0031D356A86000B0CEF /* opencv.a */,
			);
			path = osx;
			sourceTree = "<group>";
		};
		F759C0041D356A86000B0CEF /* license */ = {
			isa = PBXGroup;
			children = (
				F759C0051D356A86000B0CEF /* LICENSE */,
			);
			path = license;
			sourceTree = "<group>";
		};
		F7F141201D7E1F6A00F8DF66 /* ofxConsoleCurses */ = {
			isa = PBXGroup;
			children = (
				F7F141211D7E1F6A00F8DF66 /* src */,
			);
			name = ofxConsoleCurses;
			sourceTree = "<group>";
		};
		F7F141211D7E1F6A00F8DF66 /* src */ = {
			isa = PBXGroup;
			children = (
				F7F141221D7E1F6A00F8DF66 /* ofAppConsoleCurses.cpp */,
				F7F141231D7E1F6A00F8DF66 /* ofAppConsoleCurses.h */,
				F7F141241D7E1F6A00F8DF66 /* ofxNcurses.cpp */,
				F7F141251D7E1F6A00F8DF66 /* ofxNcurses.h */,
			);
			name = src;
			path = ../../../addons/ofxConsoleCurses/src;
			sourceTree = "<group>";
		};
		FEA273413D5AFD9607F56ABE /* CLD */ = {
			isa = PBXGroup;
			children = (
				820102E51B125101D727B3CC /* ETF.h */,
				CC455256CE0ECFE328853737 /* fdog.h */,
				DB0CD4C938C079DCD67222FE /* imatrix.h */,
				FE15469185A3A49FEC9D2292 /* myvec.h */,
			);
			name = CLD;
			sourceTree = "<group>";
		};
		FF8CDF57858E9B94E3237115 /* ip */ = {
			isa = PBXGroup;
			children = (
				ADD194746185E2DA11468377 /* IpEndpointName.cpp */,
				48974F980F51769171D0B2F5 /* IpEndpointName.h */,
				F7FBC56859535E597B24BB91 /* NetworkingUtils.h */,
				23640F57DF6C4BB6BFC5DA4C /* PacketListener.h */,
				641362CA659FAFEE4E81001B /* posix */,
				444657A12E59D0ED86981498 /* TimerListener.h */,
				2FD4B0329909D3527F003494 /* UdpSocket.h */,
			);
			name = ip;
			sourceTree = "<group>";
		};
/* End PBXGroup section */

/* Begin PBXNativeTarget section */
		E4B69B5A0A3A1756003C02F2 /* wmc */ = {
			isa = PBXNativeTarget;
			buildConfigurationList = E4B69B5F0A3A1757003C02F2 /* Build configuration list for PBXNativeTarget "wmc" */;
			buildPhases = (
				E4B69B580A3A1756003C02F2 /* Sources */,
				E4B69B590A3A1756003C02F2 /* Frameworks */,
				E4B6FFFD0C3F9AB9008CF71C /* ShellScript */,
				E4C2427710CC5ABF004149E2 /* CopyFiles */,
			);
			buildRules = (
			);
			dependencies = (
				E4EEB9AC138B136A00A80321 /* PBXTargetDependency */,
			);
			name = wmc;
			productName = myOFApp;
			productReference = E4B69B5B0A3A1756003C02F2 /* wmcDebug.app */;
			productType = "com.apple.product-type.application";
		};
/* End PBXNativeTarget section */

/* Begin PBXProject section */
		E4B69B4C0A3A1720003C02F2 /* Project object */ = {
			isa = PBXProject;
			attributes = {
				LastUpgradeCheck = 0600;
			};
			buildConfigurationList = E4B69B4D0A3A1720003C02F2 /* Build configuration list for PBXProject "wmc" */;
			compatibilityVersion = "Xcode 3.2";
			developmentRegion = English;
			hasScannedForEncodings = 0;
			knownRegions = (
				English,
				Japanese,
				French,
				German,
			);
			mainGroup = E4B69B4A0A3A1720003C02F2;
			productRefGroup = E4B69B4A0A3A1720003C02F2;
			projectDirPath = "";
			projectReferences = (
				{
					ProductGroup = E4328144138ABC890047C5CB /* Products */;
					ProjectRef = E4328143138ABC890047C5CB /* openFrameworksLib.xcodeproj */;
				},
			);
			projectRoot = "";
			targets = (
				E4B69B5A0A3A1756003C02F2 /* wmc */,
			);
		};
/* End PBXProject section */

/* Begin PBXReferenceProxy section */
		E4328148138ABC890047C5CB /* openFrameworksDebug.a */ = {
			isa = PBXReferenceProxy;
			fileType = archive.ar;
			path = openFrameworksDebug.a;
			remoteRef = E4328147138ABC890047C5CB /* PBXContainerItemProxy */;
			sourceTree = BUILT_PRODUCTS_DIR;
		};
/* End PBXReferenceProxy section */

/* Begin PBXShellScriptBuildPhase section */
		E4B6FFFD0C3F9AB9008CF71C /* ShellScript */ = {
			isa = PBXShellScriptBuildPhase;
			buildActionMask = 2147483647;
			files = (
			);
			inputPaths = (
			);
			outputPaths = (
			);
			runOnlyForDeploymentPostprocessing = 0;
			shellPath = /bin/sh;
			shellScript = "mkdir -p \"$TARGET_BUILD_DIR/$PRODUCT_NAME.app/Contents/Resources/\"\n# Copy default icon file into App/Resources\nrsync -aved \"$ICON_FILE\" \"$TARGET_BUILD_DIR/$PRODUCT_NAME.app/Contents/Resources/\"\n# Copy libfmod and change install directory for fmod to run\nrsync -aved ../../../libs/fmodex/lib/osx/libfmodex.dylib \"$TARGET_BUILD_DIR/$PRODUCT_NAME.app/Contents/Frameworks/\";\ninstall_name_tool -change @executable_path/libfmodex.dylib @executable_path/../Frameworks/libfmodex.dylib \"$TARGET_BUILD_DIR/$PRODUCT_NAME.app/Contents/MacOS/$PRODUCT_NAME\";\n# Copy GLUT framework (must remove for AppStore submissions)\nrsync -aved ../../../libs/glut/lib/osx/GLUT.framework \"$TARGET_BUILD_DIR/$PRODUCT_NAME.app/Contents/Frameworks/\"\n\nopen \"$TARGET_BUILD_DIR/$PRODUCT_NAME.app/Contents/MacOS/$PRODUCT_NAME\";\n";
		};
/* End PBXShellScriptBuildPhase section */

/* Begin PBXSourcesBuildPhase section */
		E4B69B580A3A1756003C02F2 /* Sources */ = {
			isa = PBXSourcesBuildPhase;
			buildActionMask = 2147483647;
			files = (
				E4B69E200A3A1BDC003C02F2 /* main.cpp in Sources */,
				E4B69E210A3A1BDC003C02F2 /* ofApp.cpp in Sources */,
				B6840996567E78436F7ECFAB /* ETF.cpp in Sources */,
				F759C0081D356A86000B0CEF /* ofxCvFloatImage.cpp in Sources */,
				F76B4A79BD8DE4854141CB47 /* fdog.cpp in Sources */,
				EBCDE831EFAE08274E799C97 /* Calibration.cpp in Sources */,
				6AABAB39E82AF5CFEA23A205 /* ContourFinder.cpp in Sources */,
				45CC483A999BF1065A6B926C /* Distance.cpp in Sources */,
				5CC34D433F5806179935B89D /* Flow.cpp in Sources */,
				2023EF517ED2D8B397511D4B /* Helpers.cpp in Sources */,
				F759BF231D356A64000B0CEF /* ofApp_network.cpp in Sources */,
				F759C00B1D356A86000B0CEF /* ofxCvImage.cpp in Sources */,
				F759C0061D356A86000B0CEF /* ofxCvColorImage.cpp in Sources */,
				311DF864378748129984EA1D /* Kalman.cpp in Sources */,
				C602002DE761F9B52DB4400A /* ObjectFinder.cpp in Sources */,
				7CDAD32BE4FA46701E3552C7 /* RunningBackground.cpp in Sources */,
				10B69DE456AED1288FC9316B /* Tracker.cpp in Sources */,
				A6668C5B1272D7FCD5B5A16F /* Utilities.cpp in Sources */,
				DBCB84A37F9AECC254870D79 /* Wrappers.cpp in Sources */,
				F759C0091D356A86000B0CEF /* ofxCvGrayscaleImage.cpp in Sources */,
				9E3B00A65D0419AC33A0FE47 /* IPVideoGrabber.cpp in Sources */,
				F759C00C1D356A86000B0CEF /* ofxCvShortImage.cpp in Sources */,
				F7F141291D7E20DD00F8DF66 /* ofApp_ncurses.cpp in Sources */,
				F759C00A1D356A86000B0CEF /* ofxCvHaarFinder.cpp in Sources */,
				72A929D3561B8232A182ABFC /* ofxOscBundle.cpp in Sources */,
				5864AD82E20F15536D054EA3 /* ofxOscMessage.cpp in Sources */,
				4ADB88E2FB52E76A471065DE /* ofxOscParameterSync.cpp in Sources */,
				640279EE111671BD026CB013 /* ofxOscReceiver.cpp in Sources */,
				8F5205AEF8861EF234F0651A /* ofxOscSender.cpp in Sources */,
				ADE367465D2A8EBAD4C7A8D9 /* IpEndpointName.cpp in Sources */,
				67FE4C7B15C2F0478C8126C2 /* NetworkingUtils.cpp in Sources */,
				510CAFE035E576A4E1502D52 /* UdpSocket.cpp in Sources */,
				62545D179C94265CA1389D4A /* OscOutboundPacketStream.cpp in Sources */,
				C4782ECC372420ACE0615B74 /* OscPrintReceivedElements.cpp in Sources */,
				0546D1A38E13BD319CC9755B /* OscReceivedElements.cpp in Sources */,
				879A251454401BC0B6E4F238 /* OscTypes.cpp in Sources */,
				63B57AC5BF4EF088491E0317 /* ofxXmlSettings.cpp in Sources */,
				933A2227713C720CEFF80FD9 /* tinyxml.cpp in Sources */,
				F759C0071D356A86000B0CEF /* ofxCvContourFinder.cpp in Sources */,
				9D44DC88EF9E7991B4A09951 /* tinyxmlerror.cpp in Sources */,
				F7F141261D7E1F6A00F8DF66 /* ofAppConsoleCurses.cpp in Sources */,
				5A4349E9754D6FA14C0F2A3A /* tinyxmlparser.cpp in Sources */,
				F7F141271D7E1F6A00F8DF66 /* ofxNcurses.cpp in Sources */,
			);
			runOnlyForDeploymentPostprocessing = 0;
		};
/* End PBXSourcesBuildPhase section */

/* Begin PBXTargetDependency section */
		E4EEB9AC138B136A00A80321 /* PBXTargetDependency */ = {
			isa = PBXTargetDependency;
			name = openFrameworks;
			targetProxy = E4EEB9AB138B136A00A80321 /* PBXContainerItemProxy */;
		};
/* End PBXTargetDependency section */

/* Begin XCBuildConfiguration section */
		E4B69B4E0A3A1720003C02F2 /* Debug */ = {
			isa = XCBuildConfiguration;
			baseConfigurationReference = E4EB6923138AFD0F00A09F29 /* Project.xcconfig */;
			buildSettings = {
				CONFIGURATION_BUILD_DIR = "$(SRCROOT)/bin/";
				COPY_PHASE_STRIP = NO;
				DEAD_CODE_STRIPPING = YES;
				GCC_AUTO_VECTORIZATION = YES;
				GCC_ENABLE_SSE3_EXTENSIONS = YES;
				GCC_ENABLE_SUPPLEMENTAL_SSE3_INSTRUCTIONS = YES;
				GCC_INLINES_ARE_PRIVATE_EXTERN = NO;
				GCC_OPTIMIZATION_LEVEL = 0;
				GCC_SYMBOLS_PRIVATE_EXTERN = NO;
				GCC_WARN_ABOUT_DEPRECATED_FUNCTIONS = YES;
				GCC_WARN_ABOUT_INVALID_OFFSETOF_MACRO = NO;
				GCC_WARN_ALLOW_INCOMPLETE_PROTOCOL = NO;
				GCC_WARN_UNINITIALIZED_AUTOS = NO;
				GCC_WARN_UNUSED_VALUE = NO;
				GCC_WARN_UNUSED_VARIABLE = NO;
				HEADER_SEARCH_PATHS = (
					"$(OF_CORE_HEADERS)",
					../../../addons/ofxCv/libs/ofxCv/include,
					../../../addons/ofxCv/libs/CLD/include/CLD,
					../../../addons/ofxCv/src,
					../../../addons/ofxIpVideoGrabber/src,
					../../../addons/ofxOsc/libs,
					../../../addons/ofxOsc/libs/oscpack,
					../../../addons/ofxOsc/libs/oscpack/src,
					../../../addons/ofxOsc/libs/oscpack/src/ip,
					../../../addons/ofxOsc/libs/oscpack/src/ip/posix,
					../../../addons/ofxOsc/libs/oscpack/src/ip/win32,
					../../../addons/ofxOsc/libs/oscpack/src/osc,
					../../../addons/ofxOsc/src,
					../../../addons/ofxXmlSettings/libs,
					../../../addons/ofxXmlSettings/src,
				);
				MACOSX_DEPLOYMENT_TARGET = 10.8;
				ONLY_ACTIVE_ARCH = YES;
				OTHER_CPLUSPLUSFLAGS = (
					"-D__MACOSX_CORE__",
					"-mtune=native",
				);
				SDKROOT = macosx;
			};
			name = Debug;
		};
		E4B69B4F0A3A1720003C02F2 /* Release */ = {
			isa = XCBuildConfiguration;
			baseConfigurationReference = E4EB6923138AFD0F00A09F29 /* Project.xcconfig */;
			buildSettings = {
				CONFIGURATION_BUILD_DIR = "$(SRCROOT)/bin/";
				COPY_PHASE_STRIP = YES;
				DEAD_CODE_STRIPPING = YES;
				GCC_AUTO_VECTORIZATION = YES;
				GCC_ENABLE_SSE3_EXTENSIONS = YES;
				GCC_ENABLE_SUPPLEMENTAL_SSE3_INSTRUCTIONS = YES;
				GCC_INLINES_ARE_PRIVATE_EXTERN = NO;
				GCC_OPTIMIZATION_LEVEL = 3;
				GCC_SYMBOLS_PRIVATE_EXTERN = NO;
				GCC_UNROLL_LOOPS = YES;
				GCC_WARN_ABOUT_DEPRECATED_FUNCTIONS = YES;
				GCC_WARN_ABOUT_INVALID_OFFSETOF_MACRO = NO;
				GCC_WARN_ALLOW_INCOMPLETE_PROTOCOL = NO;
				GCC_WARN_UNINITIALIZED_AUTOS = NO;
				GCC_WARN_UNUSED_VALUE = NO;
				GCC_WARN_UNUSED_VARIABLE = NO;
				HEADER_SEARCH_PATHS = (
					"$(OF_CORE_HEADERS)",
					../../../addons/ofxCv/libs/ofxCv/include,
					../../../addons/ofxCv/libs/CLD/include/CLD,
					../../../addons/ofxCv/src,
					../../../addons/ofxIpVideoGrabber/src,
					../../../addons/ofxOsc/libs,
					../../../addons/ofxOsc/libs/oscpack,
					../../../addons/ofxOsc/libs/oscpack/src,
					../../../addons/ofxOsc/libs/oscpack/src/ip,
					../../../addons/ofxOsc/libs/oscpack/src/ip/posix,
					../../../addons/ofxOsc/libs/oscpack/src/ip/win32,
					../../../addons/ofxOsc/libs/oscpack/src/osc,
					../../../addons/ofxOsc/src,
					../../../addons/ofxXmlSettings/libs,
					../../../addons/ofxXmlSettings/src,
				);
				MACOSX_DEPLOYMENT_TARGET = 10.8;
				OTHER_CPLUSPLUSFLAGS = (
					"-D__MACOSX_CORE__",
					"-mtune=native",
				);
				SDKROOT = macosx;
			};
			name = Release;
		};
		E4B69B600A3A1757003C02F2 /* Debug */ = {
			isa = XCBuildConfiguration;
			baseConfigurationReference = E4EB6923138AFD0F00A09F29 /* Project.xcconfig */;
			buildSettings = {
				COMBINE_HIDPI_IMAGES = YES;
				COPY_PHASE_STRIP = NO;
				FRAMEWORK_SEARCH_PATHS = (
					"$(inherited)",
					"$(FRAMEWORK_SEARCH_PATHS_QUOTED_FOR_TARGET_1)",
				);
				FRAMEWORK_SEARCH_PATHS_QUOTED_FOR_TARGET_1 = "\"$(SRCROOT)/../../../libs/glut/lib/osx\"";
				GCC_DYNAMIC_NO_PIC = NO;
				GCC_GENERATE_DEBUGGING_SYMBOLS = YES;
				GCC_MODEL_TUNING = NONE;
				HEADER_SEARCH_PATHS = (
					"$(OF_CORE_HEADERS)",
					../../../addons/ofxCv/libs/ofxCv/include,
					../../../addons/ofxCv/libs/CLD/include/CLD,
					../../../addons/ofxCv/src,
					../../../addons/ofxIpVideoGrabber/src,
					../../../addons/ofxOsc/libs,
					../../../addons/ofxOsc/libs/oscpack,
					../../../addons/ofxOsc/libs/oscpack/src,
					../../../addons/ofxOsc/libs/oscpack/src/ip,
					../../../addons/ofxOsc/libs/oscpack/src/ip/posix,
					../../../addons/ofxOsc/libs/oscpack/src/ip/win32,
					../../../addons/ofxOsc/libs/oscpack/src/osc,
					../../../addons/ofxOsc/src,
					../../../addons/ofxXmlSettings/libs,
					../../../addons/ofxXmlSettings/src,
				);
				ICON = "$(ICON_NAME_DEBUG)";
				ICON_FILE = "$(ICON_FILE_PATH)$(ICON)";
				INFOPLIST_FILE = "openFrameworks-Info.plist";
				INSTALL_PATH = /Applications;
				LIBRARY_SEARCH_PATHS = (
					"$(inherited)",
					/Users/sergiogalan/MultimediaProgramming/of_v0.9.3_osx_release/addons/ofxOpenCv/libs/opencv/lib/osx,
				);
				OTHER_LDFLAGS = (
					"$(OF_CORE_LIBS)",
					"$(OF_CORE_FRAMEWORKS)",
					"-lncurses",
					"-lform",
				);
				PRODUCT_NAME = "$(TARGET_NAME)Debug";
				USER_HEADER_SEARCH_PATHS = ../../../addons/ofxOpenCv/libs/opencv/include/;
				WRAPPER_EXTENSION = app;
			};
			name = Debug;
		};
		E4B69B610A3A1757003C02F2 /* Release */ = {
			isa = XCBuildConfiguration;
			baseConfigurationReference = E4EB6923138AFD0F00A09F29 /* Project.xcconfig */;
			buildSettings = {
				COMBINE_HIDPI_IMAGES = YES;
				COPY_PHASE_STRIP = YES;
				FRAMEWORK_SEARCH_PATHS = (
					"$(inherited)",
					"$(FRAMEWORK_SEARCH_PATHS_QUOTED_FOR_TARGET_1)",
				);
				FRAMEWORK_SEARCH_PATHS_QUOTED_FOR_TARGET_1 = "\"$(SRCROOT)/../../../libs/glut/lib/osx\"";
				GCC_GENERATE_DEBUGGING_SYMBOLS = YES;
				GCC_MODEL_TUNING = NONE;
				HEADER_SEARCH_PATHS = (
					"$(OF_CORE_HEADERS)",
					../../../addons/ofxCv/libs/ofxCv/include,
					../../../addons/ofxCv/libs/CLD/include/CLD,
					../../../addons/ofxCv/src,
					../../../addons/ofxIpVideoGrabber/src,
					../../../addons/ofxOsc/libs,
					../../../addons/ofxOsc/libs/oscpack,
					../../../addons/ofxOsc/libs/oscpack/src,
					../../../addons/ofxOsc/libs/oscpack/src/ip,
					../../../addons/ofxOsc/libs/oscpack/src/ip/posix,
					../../../addons/ofxOsc/libs/oscpack/src/ip/win32,
					../../../addons/ofxOsc/libs/oscpack/src/osc,
					../../../addons/ofxOsc/src,
					../../../addons/ofxXmlSettings/libs,
					../../../addons/ofxXmlSettings/src,
				);
				ICON = "$(ICON_NAME_RELEASE)";
				ICON_FILE = "$(ICON_FILE_PATH)$(ICON)";
				INFOPLIST_FILE = "openFrameworks-Info.plist";
				INSTALL_PATH = /Applications;
				LIBRARY_SEARCH_PATHS = (
					"$(inherited)",
					/Users/sergiogalan/MultimediaProgramming/of_v0.9.3_osx_release/addons/ofxOpenCv/libs/opencv/lib/osx,
				);
				OTHER_LDFLAGS = (
					"$(OF_CORE_LIBS)",
					"$(OF_CORE_FRAMEWORKS)",
					"-lncurses",
					"-lform",
				);
				PRODUCT_NAME = "$(TARGET_NAME)";
				USER_HEADER_SEARCH_PATHS = ../../../addons/ofxOpenCv/libs/opencv/include/;
				WRAPPER_EXTENSION = app;
				baseConfigurationReference = E4EB6923138AFD0F00A09F29;
			};
			name = Release;
		};
/* End XCBuildConfiguration section */

/* Begin XCConfigurationList section */
		E4B69B4D0A3A1720003C02F2 /* Build configuration list for PBXProject "wmc" */ = {
			isa = XCConfigurationList;
			buildConfigurations = (
				E4B69B4E0A3A1720003C02F2 /* Debug */,
				E4B69B4F0A3A1720003C02F2 /* Release */,
			);
			defaultConfigurationIsVisible = 0;
			defaultConfigurationName = Release;
		};
		E4B69B5F0A3A1757003C02F2 /* Build configuration list for PBXNativeTarget "wmc" */ = {
			isa = XCConfigurationList;
			buildConfigurations = (
				E4B69B600A3A1757003C02F2 /* Debug */,
				E4B69B610A3A1757003C02F2 /* Release */,
			);
			defaultConfigurationIsVisible = 0;
			defaultConfigurationName = Release;
		};
/* End XCConfigurationList section */
	};
	rootObject = E4B69B4C0A3A1720003C02F2 /* Project object */;
}
